{
  "originHash" : "70c1608ccd41988fbed45e9843d1c315e380525ef27a32b9ede486e2b5eca9f0",
  "pins" : [
    {
      "identity" : "accessibilitysnapshot",
      "kind" : "remoteSourceControl",
      "location" : "https://github.com/EmergeTools/AccessibilitySnapshot.git",
      "state" : {
        "revision" : "54046d8fa44b9fa9f0e2229526f6ed89cb5e0ec2",
        "version" : "1.0.2"
      }
    },
    {
      "identity" : "flyingfox",
      "kind" : "remoteSourceControl",
      "location" : "https://github.com/swhitty/FlyingFox.git",
      "state" : {
        "revision" : "f7829d4aca8cbfecb410a1cce872b1b045224aa1",
        "version" : "0.16.0"
      }
    },
    {
      "identity" : "keychain-swift",
      "kind" : "remoteSourceControl",
      "location" : "https://github.com/evgenyneu/keychain-swift.git",
      "state" : {
        "revision" : "d108a1fa6189e661f91560548ef48651ed8d93b9",
        "version" : "20.0.0"
      }
    },
    {
      "identity" : "snapshotpreviews",
      "kind" : "remoteSourceControl",
      "location" : "https://github.com/EmergeTools/SnapshotPreviews",
      "state" : {
        "revision" : "e29969072e600518867af25d4d2acd0d1d2ffd5f",
        "version" : "0.10.20"
      }
    },
    {
      "identity" : "swiftdata-sectionedquery",
      "kind" : "remoteSourceControl",
      "location" : "https://github.com/beechtom/swiftdata-sectionedquery.git",
      "state" : {
        "revision" : "af2451407fe4f3cf06ff52318cd81a1d26df52bd",
        "version" : "1.2.0"
      }
    },
    {
      "identity" : "urlencodedform",
      "kind" : "remoteSourceControl",
      "location" : "https://github.com/interactord/URLEncodedForm.git",
      "state" : {
        "revision" : "5f51aa13d41b26fc8833cd040df3a3101768bb64",
        "version" : "1.0.8"
      }
    },
    {
      "identity" : "webviewkit",
      "kind" : "remoteSourceControl",
      "location" : "https://github.com/danielsaidi/WebViewKit.git",
      "state" : {
        "revision" : "bae09cfa4bae29f22dcf9d98f197aba50b5dc4bb",
        "version" : "0.5.0"
      }
    }
  ],
  "version" : 3
}
