// !$*UTF8*$!
{
	archiveVersion = 1;
	classes = {
	};
	objectVersion = 56;
	objects = {

/* Begin PBXBuildFile section */
		04F4B8FB2B098ADB009442B5 /* BikeIndexApp.swift in Sources */ = {isa = PBXBuildFile; fileRef = 04F4B8FA2B098ADB009442B5 /* BikeIndexApp.swift */; };
		04F4B8FD2B098ADB009442B5 /* ContentView.swift in Sources */ = {isa = PBXBuildFile; fileRef = 04F4B8FC2B098ADB009442B5 /* ContentView.swift */; };
		04F4B8FF2B098ADB009442B5 /* Item.swift in Sources */ = {isa = PBXBuildFile; fileRef = 04F4B8FE2B098ADB009442B5 /* Item.swift */; };
		04F4B9012B098ADE009442B5 /* Assets.xcassets in Resources */ = {isa = PBXBuildFile; fileRef = 04F4B9002B098ADE009442B5 /* Assets.xcassets */; };
		04F4B9052B098ADE009442B5 /* Preview Assets.xcassets in Resources */ = {isa = PBXBuildFile; fileRef = 04F4B9042B098ADE009442B5 /* Preview Assets.xcassets */; };
		04F4B90F2B098ADE009442B5 /* BikeIndexTests.swift in Sources */ = {isa = PBXBuildFile; fileRef = 04F4B90E2B098ADE009442B5 /* BikeIndexTests.swift */; };
		04F4B9192B098ADE009442B5 /* BikeIndexUITests.swift in Sources */ = {isa = PBXBuildFile; fileRef = 04F4B9182B098ADE009442B5 /* BikeIndexUITests.swift */; };
		04F4B91B2B098ADE009442B5 /* BikeIndexUITestsLaunchTests.swift in Sources */ = {isa = PBXBuildFile; fileRef = 04F4B91A2B098ADE009442B5 /* BikeIndexUITestsLaunchTests.swift */; };
/* End PBXBuildFile section */

/* Begin PBXContainerItemProxy section */
		04F4B90B2B098ADE009442B5 /* PBXContainerItemProxy */ = {
			isa = PBXContainerItemProxy;
			containerPortal = 04F4B8EF2B098ADB009442B5 /* Project object */;
			proxyType = 1;
			remoteGlobalIDString = 04F4B8F62B098ADB009442B5;
			remoteInfo = BikeIndex;
		};
		04F4B9152B098ADE009442B5 /* PBXContainerItemProxy */ = {
			isa = PBXContainerItemProxy;
			containerPortal = 04F4B8EF2B098ADB009442B5 /* Project object */;
			proxyType = 1;
			remoteGlobalIDString = 04F4B8F62B098ADB009442B5;
			remoteInfo = BikeIndex;
		};
/* End PBXContainerItemProxy section */

/* Begin PBXFileReference section */
		04F4B8F72B098ADB009442B5 /* BikeIndex.app */ = {isa = PBXFileReference; explicitFileType = wrapper.application; includeInIndex = 0; path = BikeIndex.app; sourceTree = BUILT_PRODUCTS_DIR; };
		04F4B8FA2B098ADB009442B5 /* BikeIndexApp.swift */ = {isa = PBXFileReference; lastKnownFileType = sourcecode.swift; path = BikeIndexApp.swift; sourceTree = "<group>"; };
		04F4B8FC2B098ADB009442B5 /* ContentView.swift */ = {isa = PBXFileReference; lastKnownFileType = sourcecode.swift; path = ContentView.swift; sourceTree = "<group>"; };
		04F4B8FE2B098ADB009442B5 /* Item.swift */ = {isa = PBXFileReference; lastKnownFileType = sourcecode.swift; path = Item.swift; sourceTree = "<group>"; };
		04F4B9002B098ADE009442B5 /* Assets.xcassets */ = {isa = PBXFileReference; lastKnownFileType = folder.assetcatalog; path = Assets.xcassets; sourceTree = "<group>"; };
		04F4B9022B098ADE009442B5 /* BikeIndex.entitlements */ = {isa = PBXFileReference; lastKnownFileType = text.plist.entitlements; path = BikeIndex.entitlements; sourceTree = "<group>"; };
		04F4B9042B098ADE009442B5 /* Preview Assets.xcassets */ = {isa = PBXFileReference; lastKnownFileType = folder.assetcatalog; path = "Preview Assets.xcassets"; sourceTree = "<group>"; };
		04F4B90A2B098ADE009442B5 /* BikeIndexTests.xctest */ = {isa = PBXFileReference; explicitFileType = wrapper.cfbundle; includeInIndex = 0; path = BikeIndexTests.xctest; sourceTree = BUILT_PRODUCTS_DIR; };
		04F4B90E2B098ADE009442B5 /* BikeIndexTests.swift */ = {isa = PBXFileReference; lastKnownFileType = sourcecode.swift; path = BikeIndexTests.swift; sourceTree = "<group>"; };
		04F4B9142B098ADE009442B5 /* BikeIndexUITests.xctest */ = {isa = PBXFileReference; explicitFileType = wrapper.cfbundle; includeInIndex = 0; path = BikeIndexUITests.xctest; sourceTree = BUILT_PRODUCTS_DIR; };
		04F4B9182B098ADE009442B5 /* BikeIndexUITests.swift */ = {isa = PBXFileReference; lastKnownFileType = sourcecode.swift; path = BikeIndexUITests.swift; sourceTree = "<group>"; };
		04F4B91A2B098ADE009442B5 /* BikeIndexUITestsLaunchTests.swift */ = {isa = PBXFileReference; lastKnownFileType = sourcecode.swift; path = BikeIndexUITestsLaunchTests.swift; sourceTree = "<group>"; };
/* End PBXFileReference section */

/* Begin PBXFrameworksBuildPhase section */
		04F4B8F42B098ADB009442B5 /* Frameworks */ = {
			isa = PBXFrameworksBuildPhase;
			buildActionMask = 2147483647;
			files = (
			);
			runOnlyForDeploymentPostprocessing = 0;
		};
		04F4B9072B098ADE009442B5 /* Frameworks */ = {
			isa = PBXFrameworksBuildPhase;
			buildActionMask = 2147483647;
			files = (
			);
			runOnlyForDeploymentPostprocessing = 0;
		};
		04F4B9112B098ADE009442B5 /* Frameworks */ = {
			isa = PBXFrameworksBuildPhase;
			buildActionMask = 2147483647;
			files = (
			);
			runOnlyForDeploymentPostprocessing = 0;
		};
/* End PBXFrameworksBuildPhase section */

/* Begin PBXGroup section */
		04F4B8EE2B098ADB009442B5 = {
			isa = PBXGroup;
			children = (
				04F4B8F92B098ADB009442B5 /* BikeIndex */,
				04F4B90D2B098ADE009442B5 /* BikeIndexTests */,
				04F4B9172B098ADE009442B5 /* BikeIndexUITests */,
				04F4B8F82B098ADB009442B5 /* Products */,
			);
			sourceTree = "<group>";
		};
		04F4B8F82B098ADB009442B5 /* Products */ = {
			isa = PBXGroup;
			children = (
				04F4B8F72B098ADB009442B5 /* BikeIndex.app */,
				04F4B90A2B098ADE009442B5 /* BikeIndexTests.xctest */,
				04F4B9142B098ADE009442B5 /* BikeIndexUITests.xctest */,
			);
			name = Products;
			sourceTree = "<group>";
		};
		04F4B8F92B098ADB009442B5 /* BikeIndex */ = {
			isa = PBXGroup;
			children = (
				04F4B8FA2B098ADB009442B5 /* BikeIndexApp.swift */,
				04F4B8FC2B098ADB009442B5 /* ContentView.swift */,
				04F4B8FE2B098ADB009442B5 /* Item.swift */,
				04F4B9002B098ADE009442B5 /* Assets.xcassets */,
				04F4B9022B098ADE009442B5 /* BikeIndex.entitlements */,
				04F4B9032B098ADE009442B5 /* Preview Content */,
			);
			path = BikeIndex;
			sourceTree = "<group>";
		};
		04F4B9032B098ADE009442B5 /* Preview Content */ = {
			isa = PBXGroup;
			children = (
				04F4B9042B098ADE009442B5 /* Preview Assets.xcassets */,
			);
			path = "Preview Content";
			sourceTree = "<group>";
		};
		04F4B90D2B098ADE009442B5 /* BikeIndexTests */ = {
			isa = PBXGroup;
			children = (
				04F4B90E2B098ADE009442B5 /* BikeIndexTests.swift */,
			);
			path = BikeIndexTests;
			sourceTree = "<group>";
		};
		04F4B9172B098ADE009442B5 /* BikeIndexUITests */ = {
			isa = PBXGroup;
			children = (
				04F4B9182B098ADE009442B5 /* BikeIndexUITests.swift */,
				04F4B91A2B098ADE009442B5 /* BikeIndexUITestsLaunchTests.swift */,
			);
			path = BikeIndexUITests;
			sourceTree = "<group>";
		};
/* End PBXGroup section */

/* Begin PBXNativeTarget section */
		04F4B8F62B098ADB009442B5 /* BikeIndex */ = {
			isa = PBXNativeTarget;
			buildConfigurationList = 04F4B91E2B098ADE009442B5 /* Build configuration list for PBXNativeTarget "BikeIndex" */;
			buildPhases = (
				04F4B8F32B098ADB009442B5 /* Sources */,
				04F4B8F42B098ADB009442B5 /* Frameworks */,
				04F4B8F52B098ADB009442B5 /* Resources */,
			);
			buildRules = (
			);
			dependencies = (
			);
			name = BikeIndex;
			productName = BikeIndex;
			productReference = 04F4B8F72B098ADB009442B5 /* BikeIndex.app */;
			productType = "com.apple.product-type.application";
		};
		04F4B9092B098ADE009442B5 /* BikeIndexTests */ = {
			isa = PBXNativeTarget;
			buildConfigurationList = 04F4B9212B098ADE009442B5 /* Build configuration list for PBXNativeTarget "BikeIndexTests" */;
			buildPhases = (
				04F4B9062B098ADE009442B5 /* Sources */,
				04F4B9072B098ADE009442B5 /* Frameworks */,
				04F4B9082B098ADE009442B5 /* Resources */,
			);
			buildRules = (
			);
			dependencies = (
				04F4B90C2B098ADE009442B5 /* PBXTargetDependency */,
			);
			name = BikeIndexTests;
			productName = BikeIndexTests;
			productReference = 04F4B90A2B098ADE009442B5 /* BikeIndexTests.xctest */;
			productType = "com.apple.product-type.bundle.unit-test";
		};
		04F4B9132B098ADE009442B5 /* BikeIndexUITests */ = {
			isa = PBXNativeTarget;
			buildConfigurationList = 04F4B9242B098ADE009442B5 /* Build configuration list for PBXNativeTarget "BikeIndexUITests" */;
			buildPhases = (
				04F4B9102B098ADE009442B5 /* Sources */,
				04F4B9112B098ADE009442B5 /* Frameworks */,
				04F4B9122B098ADE009442B5 /* Resources */,
			);
			buildRules = (
			);
			dependencies = (
				04F4B9162B098ADE009442B5 /* PBXTargetDependency */,
			);
			name = BikeIndexUITests;
			productName = BikeIndexUITests;
			productReference = 04F4B9142B098ADE009442B5 /* BikeIndexUITests.xctest */;
			productType = "com.apple.product-type.bundle.ui-testing";
		};
/* End PBXNativeTarget section */

/* Begin PBXProject section */
		04F4B8EF2B098ADB009442B5 /* Project object */ = {
			isa = PBXProject;
			attributes = {
				BuildIndependentTargetsInParallel = 1;
				LastSwiftUpdateCheck = 1500;
				LastUpgradeCheck = 1500;
				TargetAttributes = {
					04F4B8F62B098ADB009442B5 = {
						CreatedOnToolsVersion = 15.0.1;
					};
					04F4B9092B098ADE009442B5 = {
						CreatedOnToolsVersion = 15.0.1;
						TestTargetID = 04F4B8F62B098ADB009442B5;
					};
					04F4B9132B098ADE009442B5 = {
						CreatedOnToolsVersion = 15.0.1;
						TestTargetID = 04F4B8F62B098ADB009442B5;
					};
				};
			};
			buildConfigurationList = 04F4B8F22B098ADB009442B5 /* Build configuration list for PBXProject "BikeIndex" */;
			compatibilityVersion = "Xcode 14.0";
			developmentRegion = en;
			hasScannedForEncodings = 0;
			knownRegions = (
				en,
				Base,
			);
			mainGroup = 04F4B8EE2B098ADB009442B5;
			productRefGroup = 04F4B8F82B098ADB009442B5 /* Products */;
			projectDirPath = "";
			projectRoot = "";
			targets = (
				04F4B8F62B098ADB009442B5 /* BikeIndex */,
				04F4B9092B098ADE009442B5 /* BikeIndexTests */,
				04F4B9132B098ADE009442B5 /* BikeIndexUITests */,
			);
		};
/* End PBXProject section */

/* Begin PBXResourcesBuildPhase section */
		04F4B8F52B098ADB009442B5 /* Resources */ = {
			isa = PBXResourcesBuildPhase;
			buildActionMask = 2147483647;
			files = (
				04F4B9052B098ADE009442B5 /* Preview Assets.xcassets in Resources */,
				04F4B9012B098ADE009442B5 /* Assets.xcassets in Resources */,
			);
			runOnlyForDeploymentPostprocessing = 0;
		};
		04F4B9082B098ADE009442B5 /* Resources */ = {
			isa = PBXResourcesBuildPhase;
			buildActionMask = 2147483647;
			files = (
			);
			runOnlyForDeploymentPostprocessing = 0;
		};
		04F4B9122B098ADE009442B5 /* Resources */ = {
			isa = PBXResourcesBuildPhase;
			buildActionMask = 2147483647;
			files = (
			);
			runOnlyForDeploymentPostprocessing = 0;
		};
/* End PBXResourcesBuildPhase section */

/* Begin PBXSourcesBuildPhase section */
		04F4B8F32B098ADB009442B5 /* Sources */ = {
			isa = PBXSourcesBuildPhase;
			buildActionMask = 2147483647;
			files = (
				04F4B8FD2B098ADB009442B5 /* ContentView.swift in Sources */,
				04F4B8FF2B098ADB009442B5 /* Item.swift in Sources */,
				04F4B8FB2B098ADB009442B5 /* BikeIndexApp.swift in Sources */,
			);
			runOnlyForDeploymentPostprocessing = 0;
		};
		04F4B9062B098ADE009442B5 /* Sources */ = {
			isa = PBXSourcesBuildPhase;
			buildActionMask = 2147483647;
			files = (
				04F4B90F2B098ADE009442B5 /* BikeIndexTests.swift in Sources */,
			);
			runOnlyForDeploymentPostprocessing = 0;
		};
		04F4B9102B098ADE009442B5 /* Sources */ = {
			isa = PBXSourcesBuildPhase;
			buildActionMask = 2147483647;
			files = (
				04F4B91B2B098ADE009442B5 /* BikeIndexUITestsLaunchTests.swift in Sources */,
				04F4B9192B098ADE009442B5 /* BikeIndexUITests.swift in Sources */,
			);
			runOnlyForDeploymentPostprocessing = 0;
		};
/* End PBXSourcesBuildPhase section */

/* Begin PBXTargetDependency section */
		04F4B90C2B098ADE009442B5 /* PBXTargetDependency */ = {
			isa = PBXTargetDependency;
			target = 04F4B8F62B098ADB009442B5 /* BikeIndex */;
			targetProxy = 04F4B90B2B098ADE009442B5 /* PBXContainerItemProxy */;
		};
		04F4B9162B098ADE009442B5 /* PBXTargetDependency */ = {
			isa = PBXTargetDependency;
			target = 04F4B8F62B098ADB009442B5 /* BikeIndex */;
			targetProxy = 04F4B9152B098ADE009442B5 /* PBXContainerItemProxy */;
		};
/* End PBXTargetDependency section */

/* Begin XCBuildConfiguration section */
		04F4B91C2B098ADE009442B5 /* Debug */ = {
			isa = XCBuildConfiguration;
			buildSettings = {
				ALWAYS_SEARCH_USER_PATHS = NO;
				ASSETCATALOG_COMPILER_GENERATE_SWIFT_ASSET_SYMBOL_EXTENSIONS = YES;
				CLANG_ANALYZER_NONNULL = YES;
				CLANG_ANALYZER_NUMBER_OBJECT_CONVERSION = YES_AGGRESSIVE;
				CLANG_CXX_LANGUAGE_STANDARD = "gnu++20";
				CLANG_ENABLE_MODULES = YES;
				CLANG_ENABLE_OBJC_ARC = YES;
				CLANG_ENABLE_OBJC_WEAK = YES;
				CLANG_WARN_BLOCK_CAPTURE_AUTORELEASING = YES;
				CLANG_WARN_BOOL_CONVERSION = YES;
				CLANG_WARN_COMMA = YES;
				CLANG_WARN_CONSTANT_CONVERSION = YES;
				CLANG_WARN_DEPRECATED_OBJC_IMPLEMENTATIONS = YES;
				CLANG_WARN_DIRECT_OBJC_ISA_USAGE = YES_ERROR;
				CLANG_WARN_DOCUMENTATION_COMMENTS = YES;
				CLANG_WARN_EMPTY_BODY = YES;
				CLANG_WARN_ENUM_CONVERSION = YES;
				CLANG_WARN_INFINITE_RECURSION = YES;
				CLANG_WARN_INT_CONVERSION = YES;
				CLANG_WARN_NON_LITERAL_NULL_CONVERSION = YES;
				CLANG_WARN_OBJC_IMPLICIT_RETAIN_SELF = YES;
				CLANG_WARN_OBJC_LITERAL_CONVERSION = YES;
				CLANG_WARN_OBJC_ROOT_CLASS = YES_ERROR;
				CLANG_WARN_QUOTED_INCLUDE_IN_FRAMEWORK_HEADER = YES;
				CLANG_WARN_RANGE_LOOP_ANALYSIS = YES;
				CLANG_WARN_STRICT_PROTOTYPES = YES;
				CLANG_WARN_SUSPICIOUS_MOVE = YES;
				CLANG_WARN_UNGUARDED_AVAILABILITY = YES_AGGRESSIVE;
				CLANG_WARN_UNREACHABLE_CODE = YES;
				CLANG_WARN__DUPLICATE_METHOD_MATCH = YES;
				COPY_PHASE_STRIP = NO;
				DEBUG_INFORMATION_FORMAT = dwarf;
				ENABLE_STRICT_OBJC_MSGSEND = YES;
				ENABLE_TESTABILITY = YES;
				ENABLE_USER_SCRIPT_SANDBOXING = YES;
				GCC_C_LANGUAGE_STANDARD = gnu17;
				GCC_DYNAMIC_NO_PIC = NO;
				GCC_NO_COMMON_BLOCKS = YES;
				GCC_OPTIMIZATION_LEVEL = 0;
				GCC_PREPROCESSOR_DEFINITIONS = (
					"DEBUG=1",
					"$(inherited)",
				);
				GCC_WARN_64_TO_32_BIT_CONVERSION = YES;
				GCC_WARN_ABOUT_RETURN_TYPE = YES_ERROR;
				GCC_WARN_UNDECLARED_SELECTOR = YES;
				GCC_WARN_UNINITIALIZED_AUTOS = YES_AGGRESSIVE;
				GCC_WARN_UNUSED_FUNCTION = YES;
				GCC_WARN_UNUSED_VARIABLE = YES;
				LOCALIZATION_PREFERS_STRING_CATALOGS = YES;
				MTL_ENABLE_DEBUG_INFO = INCLUDE_SOURCE;
				MTL_FAST_MATH = YES;
				ONLY_ACTIVE_ARCH = YES;
				SWIFT_ACTIVE_COMPILATION_CONDITIONS = "DEBUG $(inherited)";
				SWIFT_OPTIMIZATION_LEVEL = "-Onone";
			};
			name = Debug;
		};
		04F4B91D2B098ADE009442B5 /* Release */ = {
			isa = XCBuildConfiguration;
			buildSettings = {
				ALWAYS_SEARCH_USER_PATHS = NO;
				ASSETCATALOG_COMPILER_GENERATE_SWIFT_ASSET_SYMBOL_EXTENSIONS = YES;
				CLANG_ANALYZER_NONNULL = YES;
				CLANG_ANALYZER_NUMBER_OBJECT_CONVERSION = YES_AGGRESSIVE;
				CLANG_CXX_LANGUAGE_STANDARD = "gnu++20";
				CLANG_ENABLE_MODULES = YES;
				CLANG_ENABLE_OBJC_ARC = YES;
				CLANG_ENABLE_OBJC_WEAK = YES;
				CLANG_WARN_BLOCK_CAPTURE_AUTORELEASING = YES;
				CLANG_WARN_BOOL_CONVERSION = YES;
				CLANG_WARN_COMMA = YES;
				CLANG_WARN_CONSTANT_CONVERSION = YES;
				CLANG_WARN_DEPRECATED_OBJC_IMPLEMENTATIONS = YES;
				CLANG_WARN_DIRECT_OBJC_ISA_USAGE = YES_ERROR;
				CLANG_WARN_DOCUMENTATION_COMMENTS = YES;
				CLANG_WARN_EMPTY_BODY = YES;
				CLANG_WARN_ENUM_CONVERSION = YES;
				CLANG_WARN_INFINITE_RECURSION = YES;
				CLANG_WARN_INT_CONVERSION = YES;
				CLANG_WARN_NON_LITERAL_NULL_CONVERSION = YES;
				CLANG_WARN_OBJC_IMPLICIT_RETAIN_SELF = YES;
				CLANG_WARN_OBJC_LITERAL_CONVERSION = YES;
				CLANG_WARN_OBJC_ROOT_CLASS = YES_ERROR;
				CLANG_WARN_QUOTED_INCLUDE_IN_FRAMEWORK_HEADER = YES;
				CLANG_WARN_RANGE_LOOP_ANALYSIS = YES;
				CLANG_WARN_STRICT_PROTOTYPES = YES;
				CLANG_WARN_SUSPICIOUS_MOVE = YES;
				CLANG_WARN_UNGUARDED_AVAILABILITY = YES_AGGRESSIVE;
				CLANG_WARN_UNREACHABLE_CODE = YES;
				CLANG_WARN__DUPLICATE_METHOD_MATCH = YES;
				COPY_PHASE_STRIP = NO;
				DEBUG_INFORMATION_FORMAT = "dwarf-with-dsym";
				ENABLE_NS_ASSERTIONS = NO;
				ENABLE_STRICT_OBJC_MSGSEND = YES;
				ENABLE_USER_SCRIPT_SANDBOXING = YES;
				GCC_C_LANGUAGE_STANDARD = gnu17;
				GCC_NO_COMMON_BLOCKS = YES;
				GCC_WARN_64_TO_32_BIT_CONVERSION = YES;
				GCC_WARN_ABOUT_RETURN_TYPE = YES_ERROR;
				GCC_WARN_UNDECLARED_SELECTOR = YES;
				GCC_WARN_UNINITIALIZED_AUTOS = YES_AGGRESSIVE;
				GCC_WARN_UNUSED_FUNCTION = YES;
				GCC_WARN_UNUSED_VARIABLE = YES;
				LOCALIZATION_PREFERS_STRING_CATALOGS = YES;
				MTL_ENABLE_DEBUG_INFO = NO;
				MTL_FAST_MATH = YES;
				SWIFT_COMPILATION_MODE = wholemodule;
			};
			name = Release;
		};
		04F4B91F2B098ADE009442B5 /* Debug */ = {
			isa = XCBuildConfiguration;
			buildSettings = {
				ASSETCATALOG_COMPILER_APPICON_NAME = AppIcon;
				ASSETCATALOG_COMPILER_GLOBAL_ACCENT_COLOR_NAME = AccentColor;
				CODE_SIGN_ENTITLEMENTS = BikeIndex/BikeIndex.entitlements;
				CODE_SIGN_STYLE = Automatic;
				CURRENT_PROJECT_VERSION = 1;
				DEVELOPMENT_ASSET_PATHS = "\"BikeIndex/Preview Content\"";
				ENABLE_PREVIEWS = YES;
				GENERATE_INFOPLIST_FILE = YES;
				"INFOPLIST_KEY_UIApplicationSceneManifest_Generation[sdk=iphoneos*]" = YES;
				"INFOPLIST_KEY_UIApplicationSceneManifest_Generation[sdk=iphonesimulator*]" = YES;
				"INFOPLIST_KEY_UIApplicationSupportsIndirectInputEvents[sdk=iphoneos*]" = YES;
				"INFOPLIST_KEY_UIApplicationSupportsIndirectInputEvents[sdk=iphonesimulator*]" = YES;
				"INFOPLIST_KEY_UILaunchScreen_Generation[sdk=iphoneos*]" = YES;
				"INFOPLIST_KEY_UILaunchScreen_Generation[sdk=iphonesimulator*]" = YES;
				"INFOPLIST_KEY_UIStatusBarStyle[sdk=iphoneos*]" = UIStatusBarStyleDefault;
				"INFOPLIST_KEY_UIStatusBarStyle[sdk=iphonesimulator*]" = UIStatusBarStyleDefault;
				INFOPLIST_KEY_UISupportedInterfaceOrientations_iPad = "UIInterfaceOrientationPortrait UIInterfaceOrientationPortraitUpsideDown UIInterfaceOrientationLandscapeLeft UIInterfaceOrientationLandscapeRight";
				INFOPLIST_KEY_UISupportedInterfaceOrientations_iPhone = "UIInterfaceOrientationPortrait UIInterfaceOrientationLandscapeLeft UIInterfaceOrientationLandscapeRight";
				IPHONEOS_DEPLOYMENT_TARGET = 17.0;
				LD_RUNPATH_SEARCH_PATHS = "@executable_path/Frameworks";
				"LD_RUNPATH_SEARCH_PATHS[sdk=macosx*]" = "@executable_path/../Frameworks";
				MACOSX_DEPLOYMENT_TARGET = 14.0;
				MARKETING_VERSION = 1.0;
				PRODUCT_BUNDLE_IDENTIFIER = org.bikeindex.BikeIndex;
				PRODUCT_NAME = "$(TARGET_NAME)";
				SDKROOT = auto;
				SUPPORTED_PLATFORMS = "iphoneos iphonesimulator macosx";
				SWIFT_EMIT_LOC_STRINGS = YES;
				SWIFT_VERSION = 5.0;
				TARGETED_DEVICE_FAMILY = "1,2";
			};
			name = Debug;
		};
		04F4B9202B098ADE009442B5 /* Release */ = {
			isa = XCBuildConfiguration;
			buildSettings = {
				ASSETCATALOG_COMPILER_APPICON_NAME = AppIcon;
				ASSETCATALOG_COMPILER_GLOBAL_ACCENT_COLOR_NAME = AccentColor;
				CODE_SIGN_ENTITLEMENTS = BikeIndex/BikeIndex.entitlements;
				CODE_SIGN_STYLE = Automatic;
				CURRENT_PROJECT_VERSION = 1;
				DEVELOPMENT_ASSET_PATHS = "\"BikeIndex/Preview Content\"";
				ENABLE_PREVIEWS = YES;
				GENERATE_INFOPLIST_FILE = YES;
				"INFOPLIST_KEY_UIApplicationSceneManifest_Generation[sdk=iphoneos*]" = YES;
				"INFOPLIST_KEY_UIApplicationSceneManifest_Generation[sdk=iphonesimulator*]" = YES;
				"INFOPLIST_KEY_UIApplicationSupportsIndirectInputEvents[sdk=iphoneos*]" = YES;
				"INFOPLIST_KEY_UIApplicationSupportsIndirectInputEvents[sdk=iphonesimulator*]" = YES;
				"INFOPLIST_KEY_UILaunchScreen_Generation[sdk=iphoneos*]" = YES;
				"INFOPLIST_KEY_UILaunchScreen_Generation[sdk=iphonesimulator*]" = YES;
				"INFOPLIST_KEY_UIStatusBarStyle[sdk=iphoneos*]" = UIStatusBarStyleDefault;
				"INFOPLIST_KEY_UIStatusBarStyle[sdk=iphonesimulator*]" = UIStatusBarStyleDefault;
				INFOPLIST_KEY_UISupportedInterfaceOrientations_iPad = "UIInterfaceOrientationPortrait UIInterfaceOrientationPortraitUpsideDown UIInterfaceOrientationLandscapeLeft UIInterfaceOrientationLandscapeRight";
				INFOPLIST_KEY_UISupportedInterfaceOrientations_iPhone = "UIInterfaceOrientationPortrait UIInterfaceOrientationLandscapeLeft UIInterfaceOrientationLandscapeRight";
				IPHONEOS_DEPLOYMENT_TARGET = 17.0;
				LD_RUNPATH_SEARCH_PATHS = "@executable_path/Frameworks";
				"LD_RUNPATH_SEARCH_PATHS[sdk=macosx*]" = "@executable_path/../Frameworks";
				MACOSX_DEPLOYMENT_TARGET = 14.0;
				MARKETING_VERSION = 1.0;
				PRODUCT_BUNDLE_IDENTIFIER = org.bikeindex.BikeIndex;
				PRODUCT_NAME = "$(TARGET_NAME)";
				SDKROOT = auto;
				SUPPORTED_PLATFORMS = "iphoneos iphonesimulator macosx";
				SWIFT_EMIT_LOC_STRINGS = YES;
				SWIFT_VERSION = 5.0;
				TARGETED_DEVICE_FAMILY = "1,2";
			};
			name = Release;
		};
		04F4B9222B098ADE009442B5 /* Debug */ = {
			isa = XCBuildConfiguration;
			buildSettings = {
				ALWAYS_EMBED_SWIFT_STANDARD_LIBRARIES = YES;
				BUNDLE_LOADER = "$(TEST_HOST)";
				CODE_SIGN_STYLE = Automatic;
				CURRENT_PROJECT_VERSION = 1;
				GENERATE_INFOPLIST_FILE = YES;
				IPHONEOS_DEPLOYMENT_TARGET = 17.0;
				MACOSX_DEPLOYMENT_TARGET = 14.0;
				MARKETING_VERSION = 1.0;
				PRODUCT_BUNDLE_IDENTIFIER = org.bikeindex.BikeIndexTests;
				PRODUCT_NAME = "$(TARGET_NAME)";
				SDKROOT = auto;
				SUPPORTED_PLATFORMS = "iphoneos iphonesimulator macosx";
				SWIFT_EMIT_LOC_STRINGS = NO;
				SWIFT_VERSION = 5.0;
				TARGETED_DEVICE_FAMILY = "1,2";
				TEST_HOST = "$(BUILT_PRODUCTS_DIR)/BikeIndex.app/$(BUNDLE_EXECUTABLE_FOLDER_PATH)/BikeIndex";
			};
			name = Debug;
		};
		04F4B9232B098ADE009442B5 /* Release */ = {
			isa = XCBuildConfiguration;
			buildSettings = {
				ALWAYS_EMBED_SWIFT_STANDARD_LIBRARIES = YES;
				BUNDLE_LOADER = "$(TEST_HOST)";
				CODE_SIGN_STYLE = Automatic;
				CURRENT_PROJECT_VERSION = 1;
				GENERATE_INFOPLIST_FILE = YES;
				IPHONEOS_DEPLOYMENT_TARGET = 17.0;
				MACOSX_DEPLOYMENT_TARGET = 14.0;
				MARKETING_VERSION = 1.0;
				PRODUCT_BUNDLE_IDENTIFIER = org.bikeindex.BikeIndexTests;
				PRODUCT_NAME = "$(TARGET_NAME)";
				SDKROOT = auto;
				SUPPORTED_PLATFORMS = "iphoneos iphonesimulator macosx";
				SWIFT_EMIT_LOC_STRINGS = NO;
				SWIFT_VERSION = 5.0;
				TARGETED_DEVICE_FAMILY = "1,2";
				TEST_HOST = "$(BUILT_PRODUCTS_DIR)/BikeIndex.app/$(BUNDLE_EXECUTABLE_FOLDER_PATH)/BikeIndex";
			};
			name = Release;
		};
		04F4B9252B098ADE009442B5 /* Debug */ = {
			isa = XCBuildConfiguration;
			buildSettings = {
				ALWAYS_EMBED_SWIFT_STANDARD_LIBRARIES = YES;
				CODE_SIGN_STYLE = Automatic;
				CURRENT_PROJECT_VERSION = 1;
				GENERATE_INFOPLIST_FILE = YES;
				IPHONEOS_DEPLOYMENT_TARGET = 17.0;
				MACOSX_DEPLOYMENT_TARGET = 14.0;
				MARKETING_VERSION = 1.0;
				PRODUCT_BUNDLE_IDENTIFIER = org.bikeindex.BikeIndexUITests;
				PRODUCT_NAME = "$(TARGET_NAME)";
				SDKROOT = auto;
				SUPPORTED_PLATFORMS = "iphoneos iphonesimulator macosx";
				SWIFT_EMIT_LOC_STRINGS = NO;
				SWIFT_VERSION = 5.0;
				TARGETED_DEVICE_FAMILY = "1,2";
				TEST_TARGET_NAME = BikeIndex;
			};
			name = Debug;
		};
		04F4B9262B098ADE009442B5 /* Release */ = {
			isa = XCBuildConfiguration;
			buildSettings = {
				ALWAYS_EMBED_SWIFT_STANDARD_LIBRARIES = YES;
				CODE_SIGN_STYLE = Automatic;
				CURRENT_PROJECT_VERSION = 1;
				GENERATE_INFOPLIST_FILE = YES;
				IPHONEOS_DEPLOYMENT_TARGET = 17.0;
				MACOSX_DEPLOYMENT_TARGET = 14.0;
				MARKETING_VERSION = 1.0;
				PRODUCT_BUNDLE_IDENTIFIER = org.bikeindex.BikeIndexUITests;
				PRODUCT_NAME = "$(TARGET_NAME)";
				SDKROOT = auto;
				SUPPORTED_PLATFORMS = "iphoneos iphonesimulator macosx";
				SWIFT_EMIT_LOC_STRINGS = NO;
				SWIFT_VERSION = 5.0;
				TARGETED_DEVICE_FAMILY = "1,2";
				TEST_TARGET_NAME = BikeIndex;
			};
			name = Release;
		};
/* End XCBuildConfiguration section */

/* Begin XCConfigurationList section */
		04F4B8F22B098ADB009442B5 /* Build configuration list for PBXProject "BikeIndex" */ = {
			isa = XCConfigurationList;
			buildConfigurations = (
				04F4B91C2B098ADE009442B5 /* Debug */,
				04F4B91D2B098ADE009442B5 /* Release */,
			);
			defaultConfigurationIsVisible = 0;
			defaultConfigurationName = Release;
		};
		04F4B91E2B098ADE009442B5 /* Build configuration list for PBXNativeTarget "BikeIndex" */ = {
			isa = XCConfigurationList;
			buildConfigurations = (
				04F4B91F2B098ADE009442B5 /* Debug */,
				04F4B9202B098ADE009442B5 /* Release */,
			);
			defaultConfigurationIsVisible = 0;
			defaultConfigurationName = Release;
		};
		04F4B9212B098ADE009442B5 /* Build configuration list for PBXNativeTarget "BikeIndexTests" */ = {
			isa = XCConfigurationList;
			buildConfigurations = (
				04F4B9222B098ADE009442B5 /* Debug */,
				04F4B9232B098ADE009442B5 /* Release */,
			);
			defaultConfigurationIsVisible = 0;
			defaultConfigurationName = Release;
		};
		04F4B9242B098ADE009442B5 /* Build configuration list for PBXNativeTarget "BikeIndexUITests" */ = {
			isa = XCConfigurationList;
			buildConfigurations = (
				04F4B9252B098ADE009442B5 /* Debug */,
				04F4B9262B098ADE009442B5 /* Release */,
			);
			defaultConfigurationIsVisible = 0;
			defaultConfigurationName = Release;
		};
/* End XCConfigurationList section */
	};
	rootObject = 04F4B8EF2B098ADB009442B5 /* Project object */;
}
