// !$*UTF8*$!
{
	archiveVersion = 1;
	classes = {
	};
	objectVersion = 56;
	objects = {

/* Begin PBXBuildFile section */
		043033282B3E285F00FD126F /* AddStolenRecordView.swift in Sources */ = {isa = PBXBuildFile; fileRef = 043033272B3E285F00FD126F /* AddStolenRecordView.swift */; };
		0430332A2B3E5EEB00FD126F /* Countries.swift in Sources */ = {isa = PBXBuildFile; fileRef = 043033292B3E5EEB00FD126F /* Countries.swift */; };
		0430332C2B3E642200FD126F /* Binding+Optional.swift in Sources */ = {isa = PBXBuildFile; fileRef = 0430332B2B3E642200FD126F /* Binding+Optional.swift */; };
		0430332F2B3E64C300FD126F /* US_States.swift in Sources */ = {isa = PBXBuildFile; fileRef = 0430332E2B3E64C300FD126F /* US_States.swift */; };
		043033312B3E6FA100FD126F /* BikeRegistrationTests.swift in Sources */ = {isa = PBXBuildFile; fileRef = 043033302B3E6FA100FD126F /* BikeRegistrationTests.swift */; };
		043033322B3E707900FD126F /* Countries.swift in Sources */ = {isa = PBXBuildFile; fileRef = 043033292B3E5EEB00FD126F /* Countries.swift */; };
		043033332B3E708800FD126F /* US_States.swift in Sources */ = {isa = PBXBuildFile; fileRef = 0430332E2B3E64C300FD126F /* US_States.swift */; };
		043033362B40C34800FD126F /* ContentButtonView.swift in Sources */ = {isa = PBXBuildFile; fileRef = 043033352B40C34800FD126F /* ContentButtonView.swift */; };
		043033382B41367100FD126F /* MainContent.swift in Sources */ = {isa = PBXBuildFile; fileRef = 043033372B41367100FD126F /* MainContent.swift */; };
		0430333D2B41402800FD126F /* ProportionalLazyVGrid.swift in Sources */ = {isa = PBXBuildFile; fileRef = 0430333C2B41402800FD126F /* ProportionalLazyVGrid.swift */; };
		043C90B82B25222A00F13559 /* BikeRegistration.swift in Sources */ = {isa = PBXBuildFile; fileRef = 04EA111C2B2503C40024CDDD /* BikeRegistration.swift */; };
		043C90B92B25223400F13559 /* Manufacturer.swift in Sources */ = {isa = PBXBuildFile; fileRef = 04F4B94E2B098BB1009442B5 /* Manufacturer.swift */; };
		0452C6B02B4A608E00AD572C /* AcknowledgementsView.swift in Sources */ = {isa = PBXBuildFile; fileRef = 0452C6AF2B4A608E00AD572C /* AcknowledgementsView.swift */; };
		0452C6B32B4A630500AD572C /* DebugMenu.swift in Sources */ = {isa = PBXBuildFile; fileRef = 0452C6B22B4A630500AD572C /* DebugMenu.swift */; };
		0452C6B62B4A64D800AD572C /* LicenseEnum.swift in Sources */ = {isa = PBXBuildFile; fileRef = 0452C6B52B4A64D800AD572C /* LicenseEnum.swift */; };
		046B0A372B251E58006519A7 /* AppIconPicker.swift in Sources */ = {isa = PBXBuildFile; fileRef = 046B0A352B251E58006519A7 /* AppIconPicker.swift */; };
		046B0A382B251E58006519A7 /* TextLink.swift in Sources */ = {isa = PBXBuildFile; fileRef = 046B0A362B251E58006519A7 /* TextLink.swift */; };
		046B0A3A2B251E67006519A7 /* AlternateIconsModel.swift in Sources */ = {isa = PBXBuildFile; fileRef = 046B0A392B251E67006519A7 /* AlternateIconsModel.swift */; };
		046B0A402B251E92006519A7 /* UserTests.swift in Sources */ = {isa = PBXBuildFile; fileRef = 046B0A3B2B251E91006519A7 /* UserTests.swift */; };
		046B0A412B251E92006519A7 /* Logger+Tests.swift in Sources */ = {isa = PBXBuildFile; fileRef = 046B0A3C2B251E91006519A7 /* Logger+Tests.swift */; };
		046B0A422B251E92006519A7 /* UserRelationshipTests.swift in Sources */ = {isa = PBXBuildFile; fileRef = 046B0A3D2B251E91006519A7 /* UserRelationshipTests.swift */; };
		046B0A432B251E92006519A7 /* BikeIndexOrgApiV3Tests.swift in Sources */ = {isa = PBXBuildFile; fileRef = 046B0A3E2B251E92006519A7 /* BikeIndexOrgApiV3Tests.swift */; };
		046B0A442B251E92006519A7 /* MockData.swift in Sources */ = {isa = PBXBuildFile; fileRef = 046B0A3F2B251E92006519A7 /* MockData.swift */; };
		046B0A452B251F18006519A7 /* Client.swift in Sources */ = {isa = PBXBuildFile; fileRef = 04F4B9382B098B9C009442B5 /* Client.swift */; };
		046B0A462B251F30006519A7 /* APIEndpoints.swift in Sources */ = {isa = PBXBuildFile; fileRef = 04EA110D2B2502660024CDDD /* APIEndpoints.swift */; };
		046B0A472B251F3A006519A7 /* ClientConfiguration.swift in Sources */ = {isa = PBXBuildFile; fileRef = 04F4B9622B0998F6009442B5 /* ClientConfiguration.swift */; };
		046B0A482B251F61006519A7 /* API.swift in Sources */ = {isa = PBXBuildFile; fileRef = 04EA110C2B2502660024CDDD /* API.swift */; };
		046B0A492B251FF5006519A7 /* BikeRegisteredQuery.swift in Sources */ = {isa = PBXBuildFile; fileRef = 04EA111A2B2503B40024CDDD /* BikeRegisteredQuery.swift */; };
		0490A5EF2B26972600C4EC1E /* BikeResponse.swift in Sources */ = {isa = PBXBuildFile; fileRef = 0490A5EE2B26972600C4EC1E /* BikeResponse.swift */; };
		0490A5F12B269F7800C4EC1E /* AddBikeModel.swift in Sources */ = {isa = PBXBuildFile; fileRef = 0490A5F02B269F7800C4EC1E /* AddBikeModel.swift */; };
		0490A5F22B26B66900C4EC1E /* BikeResponse.swift in Sources */ = {isa = PBXBuildFile; fileRef = 0490A5EE2B26972600C4EC1E /* BikeResponse.swift */; };
		0494FD8C2B4250F70053C54F /* MainToolbar.swift in Sources */ = {isa = PBXBuildFile; fileRef = 0494FD8B2B4250F70053C54F /* MainToolbar.swift */; };
		04B660082B4309780055A056 /* AutocompleteManufacturerResponse.swift in Sources */ = {isa = PBXBuildFile; fileRef = 04B660072B4309780055A056 /* AutocompleteManufacturerResponse.swift */; };
		04B6600B2B43169E0055A056 /* WelcomeView.swift in Sources */ = {isa = PBXBuildFile; fileRef = 04B6600A2B43169E0055A056 /* WelcomeView.swift */; };
		04B660342B4338A50055A056 /* BetterSafariView in Frameworks */ = {isa = PBXBuildFile; productRef = 04B660332B4338A50055A056 /* BetterSafariView */; };
		04EA110E2B2502660024CDDD /* API.swift in Sources */ = {isa = PBXBuildFile; fileRef = 04EA110C2B2502660024CDDD /* API.swift */; };
		04EA110F2B2502660024CDDD /* APIEndpoints.swift in Sources */ = {isa = PBXBuildFile; fileRef = 04EA110D2B2502660024CDDD /* APIEndpoints.swift */; };
		04EA11142B2502AF0024CDDD /* AuthenticatedUserResponse.swift in Sources */ = {isa = PBXBuildFile; fileRef = 04EA11122B2502AF0024CDDD /* AuthenticatedUserResponse.swift */; };
		04EA11152B2502AF0024CDDD /* OAuthToken.swift in Sources */ = {isa = PBXBuildFile; fileRef = 04EA11132B2502AF0024CDDD /* OAuthToken.swift */; };
		04EA11172B2503920024CDDD /* User.swift in Sources */ = {isa = PBXBuildFile; fileRef = 04F4B94C2B098BB1009442B5 /* User.swift */; };
		04EA11192B25039F0024CDDD /* BikeIndexIdentifiable.swift in Sources */ = {isa = PBXBuildFile; fileRef = 04EA11182B25039F0024CDDD /* BikeIndexIdentifiable.swift */; };
		04EA111B2B2503B40024CDDD /* BikeRegisteredQuery.swift in Sources */ = {isa = PBXBuildFile; fileRef = 04EA111A2B2503B40024CDDD /* BikeRegisteredQuery.swift */; };
		04EA111D2B2503C40024CDDD /* BikeRegistration.swift in Sources */ = {isa = PBXBuildFile; fileRef = 04EA111C2B2503C40024CDDD /* BikeRegistration.swift */; };
		04EA111F2B2503F40024CDDD /* ActionButton.swift in Sources */ = {isa = PBXBuildFile; fileRef = 04EA111E2B2503F40024CDDD /* ActionButton.swift */; };
		04EA11222B2504340024CDDD /* URLEncodedForm in Frameworks */ = {isa = PBXBuildFile; productRef = 04EA11212B2504340024CDDD /* URLEncodedForm */; };
		04EA11272B2516BA0024CDDD /* OAuthToken.swift in Sources */ = {isa = PBXBuildFile; fileRef = 04EA11132B2502AF0024CDDD /* OAuthToken.swift */; };
		04EA11282B2516CE0024CDDD /* AuthenticatedUserResponse.swift in Sources */ = {isa = PBXBuildFile; fileRef = 04EA11122B2502AF0024CDDD /* AuthenticatedUserResponse.swift */; };
		04EA11292B2517040024CDDD /* Logger.swift in Sources */ = {isa = PBXBuildFile; fileRef = 04F4B9602B0996EC009442B5 /* Logger.swift */; };
		04EA112A2B2517260024CDDD /* FrameColor.swift in Sources */ = {isa = PBXBuildFile; fileRef = 04F4B94B2B098BB1009442B5 /* FrameColor.swift */; };
		04EA112B2B25172A0024CDDD /* BicycleType.swift in Sources */ = {isa = PBXBuildFile; fileRef = 04F4B94F2B098BB1009442B5 /* BicycleType.swift */; };
		04EA112C2B25174E0024CDDD /* BikeIndexIdentifiable.swift in Sources */ = {isa = PBXBuildFile; fileRef = 04EA11182B25039F0024CDDD /* BikeIndexIdentifiable.swift */; };
		04F4B9012B098ADE009442B5 /* Assets.xcassets in Resources */ = {isa = PBXBuildFile; fileRef = 04F4B9002B098ADE009442B5 /* Assets.xcassets */; };
		04F4B9052B098ADE009442B5 /* Preview Assets.xcassets in Resources */ = {isa = PBXBuildFile; fileRef = 04F4B9042B098ADE009442B5 /* Preview Assets.xcassets */; };
		04F4B9192B098ADE009442B5 /* BikeIndexUITests.swift in Sources */ = {isa = PBXBuildFile; fileRef = 04F4B9182B098ADE009442B5 /* BikeIndexUITests.swift */; };
		04F4B91B2B098ADE009442B5 /* BikeIndexUITestsLaunchTests.swift in Sources */ = {isa = PBXBuildFile; fileRef = 04F4B91A2B098ADE009442B5 /* BikeIndexUITestsLaunchTests.swift */; };
		04F4B92A2B098B44009442B5 /* BikeIndex-production.xcconfig in Resources */ = {isa = PBXBuildFile; fileRef = 04F4B9272B098B44009442B5 /* BikeIndex-production.xcconfig */; };
		04F4B92B2B098B44009442B5 /* BikeIndex-template.xcconfig in Resources */ = {isa = PBXBuildFile; fileRef = 04F4B9282B098B44009442B5 /* BikeIndex-template.xcconfig */; };
		04F4B92C2B098B44009442B5 /* BikeIndex-development.xcconfig in Resources */ = {isa = PBXBuildFile; fileRef = 04F4B9292B098B44009442B5 /* BikeIndex-development.xcconfig */; };
		04F4B92F2B098B4F009442B5 /* OAuthTests.swift in Sources */ = {isa = PBXBuildFile; fileRef = 04F4B92D2B098B4F009442B5 /* OAuthTests.swift */; };
		04F4B9302B098B4F009442B5 /* BikeModelTests.swift in Sources */ = {isa = PBXBuildFile; fileRef = 04F4B92E2B098B4F009442B5 /* BikeModelTests.swift */; };
		04F4B9322B098B5A009442B5 /* README.md in Resources */ = {isa = PBXBuildFile; fileRef = 04F4B9312B098B5A009442B5 /* README.md */; };
		04F4B9392B098B9C009442B5 /* Client.swift in Sources */ = {isa = PBXBuildFile; fileRef = 04F4B9382B098B9C009442B5 /* Client.swift */; };
		04F4B9422B098BAA009442B5 /* AddBikeView.swift in Sources */ = {isa = PBXBuildFile; fileRef = 04F4B93A2B098BA9009442B5 /* AddBikeView.swift */; };
		04F4B9432B098BAA009442B5 /* AuthView.swift in Sources */ = {isa = PBXBuildFile; fileRef = 04F4B93B2B098BA9009442B5 /* AuthView.swift */; };
		04F4B9442B098BAA009442B5 /* VerticalPicker.swift in Sources */ = {isa = PBXBuildFile; fileRef = 04F4B93C2B098BA9009442B5 /* VerticalPicker.swift */; };
		04F4B9452B098BAA009442B5 /* SearchBikesView.swift in Sources */ = {isa = PBXBuildFile; fileRef = 04F4B93D2B098BA9009442B5 /* SearchBikesView.swift */; };
		04F4B9462B098BAA009442B5 /* ManufacturerEntryView.swift in Sources */ = {isa = PBXBuildFile; fileRef = 04F4B93E2B098BAA009442B5 /* ManufacturerEntryView.swift */; };
		04F4B9482B098BAA009442B5 /* SettingsView.swift in Sources */ = {isa = PBXBuildFile; fileRef = 04F4B9402B098BAA009442B5 /* SettingsView.swift */; };
		04F4B9492B098BAA009442B5 /* ContentView.swift in Sources */ = {isa = PBXBuildFile; fileRef = 04F4B9412B098BAA009442B5 /* ContentView.swift */; };
		04F4B9502B098BB1009442B5 /* Bike.swift in Sources */ = {isa = PBXBuildFile; fileRef = 04F4B94A2B098BB1009442B5 /* Bike.swift */; };
		04F4B9512B098BB1009442B5 /* FrameColor.swift in Sources */ = {isa = PBXBuildFile; fileRef = 04F4B94B2B098BB1009442B5 /* FrameColor.swift */; };
		04F4B9522B098BB1009442B5 /* User.swift in Sources */ = {isa = PBXBuildFile; fileRef = 04F4B94C2B098BB1009442B5 /* User.swift */; };
		04F4B9542B098BB1009442B5 /* Manufacturer.swift in Sources */ = {isa = PBXBuildFile; fileRef = 04F4B94E2B098BB1009442B5 /* Manufacturer.swift */; };
		04F4B9552B098BB1009442B5 /* BicycleType.swift in Sources */ = {isa = PBXBuildFile; fileRef = 04F4B94F2B098BB1009442B5 /* BicycleType.swift */; };
		04F4B9592B098C11009442B5 /* BikeIndexApp.swift in Sources */ = {isa = PBXBuildFile; fileRef = 04F4B9582B098C11009442B5 /* BikeIndexApp.swift */; };
		04F4B95E2B0990CE009442B5 /* KeychainSwift in Frameworks */ = {isa = PBXBuildFile; productRef = 04F4B95D2B0990CE009442B5 /* KeychainSwift */; };
		04F4B9612B0996EC009442B5 /* Logger.swift in Sources */ = {isa = PBXBuildFile; fileRef = 04F4B9602B0996EC009442B5 /* Logger.swift */; };
		04F4B9632B0998F6009442B5 /* ClientConfiguration.swift in Sources */ = {isa = PBXBuildFile; fileRef = 04F4B9622B0998F6009442B5 /* ClientConfiguration.swift */; };
		04F4B9652B09A12A009442B5 /* Bike.swift in Sources */ = {isa = PBXBuildFile; fileRef = 04F4B94A2B098BB1009442B5 /* Bike.swift */; };
/* End PBXBuildFile section */

/* Begin PBXContainerItemProxy section */
		04F4B90B2B098ADE009442B5 /* PBXContainerItemProxy */ = {
			isa = PBXContainerItemProxy;
			containerPortal = 04F4B8EF2B098ADB009442B5 /* Project object */;
			proxyType = 1;
			remoteGlobalIDString = 04F4B8F62B098ADB009442B5;
			remoteInfo = BikeIndex;
		};
		04F4B9152B098ADE009442B5 /* PBXContainerItemProxy */ = {
			isa = PBXContainerItemProxy;
			containerPortal = 04F4B8EF2B098ADB009442B5 /* Project object */;
			proxyType = 1;
			remoteGlobalIDString = 04F4B8F62B098ADB009442B5;
			remoteInfo = BikeIndex;
		};
/* End PBXContainerItemProxy section */

/* Begin PBXFileReference section */
		043033272B3E285F00FD126F /* AddStolenRecordView.swift */ = {isa = PBXFileReference; lastKnownFileType = sourcecode.swift; path = AddStolenRecordView.swift; sourceTree = "<group>"; };
		043033292B3E5EEB00FD126F /* Countries.swift */ = {isa = PBXFileReference; lastKnownFileType = sourcecode.swift; path = Countries.swift; sourceTree = "<group>"; };
		0430332B2B3E642200FD126F /* Binding+Optional.swift */ = {isa = PBXFileReference; lastKnownFileType = sourcecode.swift; path = "Binding+Optional.swift"; sourceTree = "<group>"; };
		0430332E2B3E64C300FD126F /* US_States.swift */ = {isa = PBXFileReference; lastKnownFileType = sourcecode.swift; path = US_States.swift; sourceTree = "<group>"; };
		043033302B3E6FA100FD126F /* BikeRegistrationTests.swift */ = {isa = PBXFileReference; lastKnownFileType = sourcecode.swift; path = BikeRegistrationTests.swift; sourceTree = "<group>"; };
		043033352B40C34800FD126F /* ContentButtonView.swift */ = {isa = PBXFileReference; lastKnownFileType = sourcecode.swift; path = ContentButtonView.swift; sourceTree = "<group>"; };
		043033372B41367100FD126F /* MainContent.swift */ = {isa = PBXFileReference; lastKnownFileType = sourcecode.swift; path = MainContent.swift; sourceTree = "<group>"; };
		0430333C2B41402800FD126F /* ProportionalLazyVGrid.swift */ = {isa = PBXFileReference; lastKnownFileType = sourcecode.swift; path = ProportionalLazyVGrid.swift; sourceTree = "<group>"; };
		0452C6AF2B4A608E00AD572C /* AcknowledgementsView.swift */ = {isa = PBXFileReference; lastKnownFileType = sourcecode.swift; path = AcknowledgementsView.swift; sourceTree = "<group>"; };
		0452C6B22B4A630500AD572C /* DebugMenu.swift */ = {isa = PBXFileReference; lastKnownFileType = sourcecode.swift; path = DebugMenu.swift; sourceTree = "<group>"; };
		0452C6B52B4A64D800AD572C /* LicenseEnum.swift */ = {isa = PBXFileReference; lastKnownFileType = sourcecode.swift; path = LicenseEnum.swift; sourceTree = "<group>"; };
		046B0A352B251E58006519A7 /* AppIconPicker.swift */ = {isa = PBXFileReference; fileEncoding = 4; lastKnownFileType = sourcecode.swift; path = AppIconPicker.swift; sourceTree = "<group>"; };
		046B0A362B251E58006519A7 /* TextLink.swift */ = {isa = PBXFileReference; fileEncoding = 4; lastKnownFileType = sourcecode.swift; path = TextLink.swift; sourceTree = "<group>"; };
		046B0A392B251E67006519A7 /* AlternateIconsModel.swift */ = {isa = PBXFileReference; fileEncoding = 4; lastKnownFileType = sourcecode.swift; path = AlternateIconsModel.swift; sourceTree = "<group>"; };
		046B0A3B2B251E91006519A7 /* UserTests.swift */ = {isa = PBXFileReference; fileEncoding = 4; lastKnownFileType = sourcecode.swift; path = UserTests.swift; sourceTree = "<group>"; };
		046B0A3C2B251E91006519A7 /* Logger+Tests.swift */ = {isa = PBXFileReference; fileEncoding = 4; lastKnownFileType = sourcecode.swift; path = "Logger+Tests.swift"; sourceTree = "<group>"; };
		046B0A3D2B251E91006519A7 /* UserRelationshipTests.swift */ = {isa = PBXFileReference; fileEncoding = 4; lastKnownFileType = sourcecode.swift; path = UserRelationshipTests.swift; sourceTree = "<group>"; };
		046B0A3E2B251E92006519A7 /* BikeIndexOrgApiV3Tests.swift */ = {isa = PBXFileReference; fileEncoding = 4; lastKnownFileType = sourcecode.swift; path = BikeIndexOrgApiV3Tests.swift; sourceTree = "<group>"; };
		046B0A3F2B251E92006519A7 /* MockData.swift */ = {isa = PBXFileReference; fileEncoding = 4; lastKnownFileType = sourcecode.swift; path = MockData.swift; sourceTree = "<group>"; };
		0490A5EE2B26972600C4EC1E /* BikeResponse.swift */ = {isa = PBXFileReference; lastKnownFileType = sourcecode.swift; path = BikeResponse.swift; sourceTree = "<group>"; };
		0490A5F02B269F7800C4EC1E /* AddBikeModel.swift */ = {isa = PBXFileReference; lastKnownFileType = sourcecode.swift; path = AddBikeModel.swift; sourceTree = "<group>"; };
		0494FD8B2B4250F70053C54F /* MainToolbar.swift */ = {isa = PBXFileReference; lastKnownFileType = sourcecode.swift; path = MainToolbar.swift; sourceTree = "<group>"; };
		04B660072B4309780055A056 /* AutocompleteManufacturerResponse.swift */ = {isa = PBXFileReference; lastKnownFileType = sourcecode.swift; path = AutocompleteManufacturerResponse.swift; sourceTree = "<group>"; };
		04B6600A2B43169E0055A056 /* WelcomeView.swift */ = {isa = PBXFileReference; lastKnownFileType = sourcecode.swift; path = WelcomeView.swift; sourceTree = "<group>"; };
		04EA110C2B2502660024CDDD /* API.swift */ = {isa = PBXFileReference; lastKnownFileType = sourcecode.swift; path = API.swift; sourceTree = "<group>"; };
		04EA110D2B2502660024CDDD /* APIEndpoints.swift */ = {isa = PBXFileReference; lastKnownFileType = sourcecode.swift; path = APIEndpoints.swift; sourceTree = "<group>"; };
		04EA11122B2502AF0024CDDD /* AuthenticatedUserResponse.swift */ = {isa = PBXFileReference; fileEncoding = 4; lastKnownFileType = sourcecode.swift; path = AuthenticatedUserResponse.swift; sourceTree = "<group>"; };
		04EA11132B2502AF0024CDDD /* OAuthToken.swift */ = {isa = PBXFileReference; fileEncoding = 4; lastKnownFileType = sourcecode.swift; path = OAuthToken.swift; sourceTree = "<group>"; };
		04EA11182B25039F0024CDDD /* BikeIndexIdentifiable.swift */ = {isa = PBXFileReference; fileEncoding = 4; lastKnownFileType = sourcecode.swift; path = BikeIndexIdentifiable.swift; sourceTree = "<group>"; };
		04EA111A2B2503B40024CDDD /* BikeRegisteredQuery.swift */ = {isa = PBXFileReference; fileEncoding = 4; lastKnownFileType = sourcecode.swift; path = BikeRegisteredQuery.swift; sourceTree = "<group>"; };
		04EA111C2B2503C40024CDDD /* BikeRegistration.swift */ = {isa = PBXFileReference; fileEncoding = 4; lastKnownFileType = sourcecode.swift; path = BikeRegistration.swift; sourceTree = "<group>"; };
		04EA111E2B2503F40024CDDD /* ActionButton.swift */ = {isa = PBXFileReference; lastKnownFileType = sourcecode.swift; path = ActionButton.swift; sourceTree = "<group>"; };
		04F4B8F72B098ADB009442B5 /* BikeIndex.app */ = {isa = PBXFileReference; explicitFileType = wrapper.application; includeInIndex = 0; path = BikeIndex.app; sourceTree = BUILT_PRODUCTS_DIR; };
		04F4B9002B098ADE009442B5 /* Assets.xcassets */ = {isa = PBXFileReference; lastKnownFileType = folder.assetcatalog; path = Assets.xcassets; sourceTree = "<group>"; };
		04F4B9022B098ADE009442B5 /* BikeIndex.entitlements */ = {isa = PBXFileReference; lastKnownFileType = text.plist.entitlements; path = BikeIndex.entitlements; sourceTree = "<group>"; };
		04F4B9042B098ADE009442B5 /* Preview Assets.xcassets */ = {isa = PBXFileReference; lastKnownFileType = folder.assetcatalog; path = "Preview Assets.xcassets"; sourceTree = "<group>"; };
		04F4B90A2B098ADE009442B5 /* BikeIndexTests.xctest */ = {isa = PBXFileReference; explicitFileType = wrapper.cfbundle; includeInIndex = 0; path = BikeIndexTests.xctest; sourceTree = BUILT_PRODUCTS_DIR; };
		04F4B9142B098ADE009442B5 /* BikeIndexUITests.xctest */ = {isa = PBXFileReference; explicitFileType = wrapper.cfbundle; includeInIndex = 0; path = BikeIndexUITests.xctest; sourceTree = BUILT_PRODUCTS_DIR; };
		04F4B9182B098ADE009442B5 /* BikeIndexUITests.swift */ = {isa = PBXFileReference; lastKnownFileType = sourcecode.swift; path = BikeIndexUITests.swift; sourceTree = "<group>"; };
		04F4B91A2B098ADE009442B5 /* BikeIndexUITestsLaunchTests.swift */ = {isa = PBXFileReference; lastKnownFileType = sourcecode.swift; path = BikeIndexUITestsLaunchTests.swift; sourceTree = "<group>"; };
		04F4B9272B098B44009442B5 /* BikeIndex-production.xcconfig */ = {isa = PBXFileReference; fileEncoding = 4; lastKnownFileType = text.xcconfig; path = "BikeIndex-production.xcconfig"; sourceTree = "<group>"; };
		04F4B9282B098B44009442B5 /* BikeIndex-template.xcconfig */ = {isa = PBXFileReference; fileEncoding = 4; lastKnownFileType = text.xcconfig; path = "BikeIndex-template.xcconfig"; sourceTree = "<group>"; };
		04F4B9292B098B44009442B5 /* BikeIndex-development.xcconfig */ = {isa = PBXFileReference; fileEncoding = 4; lastKnownFileType = text.xcconfig; path = "BikeIndex-development.xcconfig"; sourceTree = "<group>"; };
		04F4B92D2B098B4F009442B5 /* OAuthTests.swift */ = {isa = PBXFileReference; fileEncoding = 4; lastKnownFileType = sourcecode.swift; path = OAuthTests.swift; sourceTree = "<group>"; };
		04F4B92E2B098B4F009442B5 /* BikeModelTests.swift */ = {isa = PBXFileReference; fileEncoding = 4; lastKnownFileType = sourcecode.swift; path = BikeModelTests.swift; sourceTree = "<group>"; };
		04F4B9312B098B5A009442B5 /* README.md */ = {isa = PBXFileReference; fileEncoding = 4; lastKnownFileType = net.daringfireball.markdown; path = README.md; sourceTree = "<group>"; };
		04F4B9382B098B9C009442B5 /* Client.swift */ = {isa = PBXFileReference; fileEncoding = 4; lastKnownFileType = sourcecode.swift; path = Client.swift; sourceTree = "<group>"; };
		04F4B93A2B098BA9009442B5 /* AddBikeView.swift */ = {isa = PBXFileReference; fileEncoding = 4; lastKnownFileType = sourcecode.swift; path = AddBikeView.swift; sourceTree = "<group>"; };
		04F4B93B2B098BA9009442B5 /* AuthView.swift */ = {isa = PBXFileReference; fileEncoding = 4; lastKnownFileType = sourcecode.swift; path = AuthView.swift; sourceTree = "<group>"; };
		04F4B93C2B098BA9009442B5 /* VerticalPicker.swift */ = {isa = PBXFileReference; fileEncoding = 4; lastKnownFileType = sourcecode.swift; path = VerticalPicker.swift; sourceTree = "<group>"; };
		04F4B93D2B098BA9009442B5 /* SearchBikesView.swift */ = {isa = PBXFileReference; fileEncoding = 4; lastKnownFileType = sourcecode.swift; path = SearchBikesView.swift; sourceTree = "<group>"; };
		04F4B93E2B098BAA009442B5 /* ManufacturerEntryView.swift */ = {isa = PBXFileReference; fileEncoding = 4; lastKnownFileType = sourcecode.swift; path = ManufacturerEntryView.swift; sourceTree = "<group>"; };
		04F4B9402B098BAA009442B5 /* SettingsView.swift */ = {isa = PBXFileReference; fileEncoding = 4; lastKnownFileType = sourcecode.swift; path = SettingsView.swift; sourceTree = "<group>"; };
		04F4B9412B098BAA009442B5 /* ContentView.swift */ = {isa = PBXFileReference; fileEncoding = 4; lastKnownFileType = sourcecode.swift; path = ContentView.swift; sourceTree = "<group>"; };
		04F4B94A2B098BB1009442B5 /* Bike.swift */ = {isa = PBXFileReference; fileEncoding = 4; lastKnownFileType = sourcecode.swift; path = Bike.swift; sourceTree = "<group>"; };
		04F4B94B2B098BB1009442B5 /* FrameColor.swift */ = {isa = PBXFileReference; fileEncoding = 4; lastKnownFileType = sourcecode.swift; path = FrameColor.swift; sourceTree = "<group>"; };
		04F4B94C2B098BB1009442B5 /* User.swift */ = {isa = PBXFileReference; fileEncoding = 4; lastKnownFileType = sourcecode.swift; path = User.swift; sourceTree = "<group>"; };
		04F4B94E2B098BB1009442B5 /* Manufacturer.swift */ = {isa = PBXFileReference; fileEncoding = 4; lastKnownFileType = sourcecode.swift; path = Manufacturer.swift; sourceTree = "<group>"; };
		04F4B94F2B098BB1009442B5 /* BicycleType.swift */ = {isa = PBXFileReference; fileEncoding = 4; lastKnownFileType = sourcecode.swift; path = BicycleType.swift; sourceTree = "<group>"; };
		04F4B9582B098C11009442B5 /* BikeIndexApp.swift */ = {isa = PBXFileReference; fileEncoding = 4; lastKnownFileType = sourcecode.swift; path = BikeIndexApp.swift; sourceTree = "<group>"; };
		04F4B95A2B098C3C009442B5 /* Info.plist */ = {isa = PBXFileReference; lastKnownFileType = text.plist.xml; path = Info.plist; sourceTree = "<group>"; };
		04F4B9602B0996EC009442B5 /* Logger.swift */ = {isa = PBXFileReference; lastKnownFileType = sourcecode.swift; path = Logger.swift; sourceTree = "<group>"; };
		04F4B9622B0998F6009442B5 /* ClientConfiguration.swift */ = {isa = PBXFileReference; lastKnownFileType = sourcecode.swift; path = ClientConfiguration.swift; sourceTree = "<group>"; };
/* End PBXFileReference section */

/* Begin PBXFrameworksBuildPhase section */
		04F4B8F42B098ADB009442B5 /* Frameworks */ = {
			isa = PBXFrameworksBuildPhase;
			buildActionMask = 2147483647;
			files = (
				04F4B95E2B0990CE009442B5 /* KeychainSwift in Frameworks */,
				04B660342B4338A50055A056 /* BetterSafariView in Frameworks */,
				04EA11222B2504340024CDDD /* URLEncodedForm in Frameworks */,
			);
			runOnlyForDeploymentPostprocessing = 0;
		};
		04F4B9072B098ADE009442B5 /* Frameworks */ = {
			isa = PBXFrameworksBuildPhase;
			buildActionMask = 2147483647;
			files = (
			);
			runOnlyForDeploymentPostprocessing = 0;
		};
		04F4B9112B098ADE009442B5 /* Frameworks */ = {
			isa = PBXFrameworksBuildPhase;
			buildActionMask = 2147483647;
			files = (
			);
			runOnlyForDeploymentPostprocessing = 0;
		};
/* End PBXFrameworksBuildPhase section */

/* Begin PBXGroup section */
		0430332D2B3E64B900FD126F /* Regions */ = {
			isa = PBXGroup;
			children = (
				043033292B3E5EEB00FD126F /* Countries.swift */,
				0430332E2B3E64C300FD126F /* US_States.swift */,
			);
			path = Regions;
			sourceTree = "<group>";
		};
		043033342B40C32600FD126F /* MainContent */ = {
			isa = PBXGroup;
			children = (
				04F4B9412B098BAA009442B5 /* ContentView.swift */,
				043033352B40C34800FD126F /* ContentButtonView.swift */,
				0494FD8B2B4250F70053C54F /* MainToolbar.swift */,
			);
			path = MainContent;
			sourceTree = "<group>";
		};
		0452C6B12B4A62FE00AD572C /* Settings */ = {
			isa = PBXGroup;
			children = (
				04F4B9402B098BAA009442B5 /* SettingsView.swift */,
				0452C6B22B4A630500AD572C /* DebugMenu.swift */,
				0452C6AF2B4A608E00AD572C /* AcknowledgementsView.swift */,
			);
			path = Settings;
			sourceTree = "<group>";
		};
		0452C6B42B4A64C200AD572C /* Settings */ = {
			isa = PBXGroup;
			children = (
				0452C6B52B4A64D800AD572C /* LicenseEnum.swift */,
			);
			path = Settings;
			sourceTree = "<group>";
		};
		0453EA312B3CB06500FBF74C /* Navigation */ = {
			isa = PBXGroup;
			children = (
				043033372B41367100FD126F /* MainContent.swift */,
			);
			path = Navigation;
			sourceTree = "<group>";
		};
		04B660062B4309630055A056 /* Manufacturer */ = {
			isa = PBXGroup;
			children = (
				04F4B94E2B098BB1009442B5 /* Manufacturer.swift */,
				04B660072B4309780055A056 /* AutocompleteManufacturerResponse.swift */,
			);
			path = Manufacturer;
			sourceTree = "<group>";
		};
		04B660092B4316970055A056 /* Onboarding */ = {
			isa = PBXGroup;
			children = (
				04F4B93B2B098BA9009442B5 /* AuthView.swift */,
				04B6600A2B43169E0055A056 /* WelcomeView.swift */,
			);
			path = Onboarding;
			sourceTree = "<group>";
		};
		04EA11112B2502990024CDDD /* Authentication */ = {
			isa = PBXGroup;
			children = (
				04EA11122B2502AF0024CDDD /* AuthenticatedUserResponse.swift */,
				04EA11132B2502AF0024CDDD /* OAuthToken.swift */,
			);
			path = Authentication;
			sourceTree = "<group>";
		};
		04F4B8EE2B098ADB009442B5 = {
			isa = PBXGroup;
			children = (
				04F4B9312B098B5A009442B5 /* README.md */,
				04F4B9292B098B44009442B5 /* BikeIndex-development.xcconfig */,
				04F4B9272B098B44009442B5 /* BikeIndex-production.xcconfig */,
				04F4B9282B098B44009442B5 /* BikeIndex-template.xcconfig */,
				04F4B8F92B098ADB009442B5 /* BikeIndex */,
				04F4B90D2B098ADE009442B5 /* BikeIndexTests */,
				04F4B9172B098ADE009442B5 /* BikeIndexUITests */,
				04F4B8F82B098ADB009442B5 /* Products */,
			);
			sourceTree = "<group>";
		};
		04F4B8F82B098ADB009442B5 /* Products */ = {
			isa = PBXGroup;
			children = (
				04F4B8F72B098ADB009442B5 /* BikeIndex.app */,
				04F4B90A2B098ADE009442B5 /* BikeIndexTests.xctest */,
				04F4B9142B098ADE009442B5 /* BikeIndexUITests.xctest */,
			);
			name = Products;
			sourceTree = "<group>";
		};
		04F4B8F92B098ADB009442B5 /* BikeIndex */ = {
			isa = PBXGroup;
			children = (
				04F4B9582B098C11009442B5 /* BikeIndexApp.swift */,
				04F4B9372B098B9C009442B5 /* API */,
				04F4B9362B098B81009442B5 /* View */,
				04F4B9352B098B73009442B5 /* Model */,
				04F4B95F2B0996E3009442B5 /* Utility */,
				04F4B95A2B098C3C009442B5 /* Info.plist */,
				04F4B9002B098ADE009442B5 /* Assets.xcassets */,
				04F4B9022B098ADE009442B5 /* BikeIndex.entitlements */,
				04F4B9032B098ADE009442B5 /* Preview Content */,
			);
			path = BikeIndex;
			sourceTree = "<group>";
		};
		04F4B9032B098ADE009442B5 /* Preview Content */ = {
			isa = PBXGroup;
			children = (
				04F4B9042B098ADE009442B5 /* Preview Assets.xcassets */,
			);
			path = "Preview Content";
			sourceTree = "<group>";
		};
		04F4B90D2B098ADE009442B5 /* BikeIndexTests */ = {
			isa = PBXGroup;
			children = (
				046B0A3E2B251E92006519A7 /* BikeIndexOrgApiV3Tests.swift */,
				046B0A3C2B251E91006519A7 /* Logger+Tests.swift */,
				046B0A3F2B251E92006519A7 /* MockData.swift */,
				046B0A3D2B251E91006519A7 /* UserRelationshipTests.swift */,
				046B0A3B2B251E91006519A7 /* UserTests.swift */,
				04F4B92E2B098B4F009442B5 /* BikeModelTests.swift */,
				043033302B3E6FA100FD126F /* BikeRegistrationTests.swift */,
				04F4B92D2B098B4F009442B5 /* OAuthTests.swift */,
			);
			path = BikeIndexTests;
			sourceTree = "<group>";
		};
		04F4B9172B098ADE009442B5 /* BikeIndexUITests */ = {
			isa = PBXGroup;
			children = (
				04F4B9182B098ADE009442B5 /* BikeIndexUITests.swift */,
				04F4B91A2B098ADE009442B5 /* BikeIndexUITestsLaunchTests.swift */,
			);
			path = BikeIndexUITests;
			sourceTree = "<group>";
		};
		04F4B9352B098B73009442B5 /* Model */ = {
			isa = PBXGroup;
			children = (
				0452C6B42B4A64C200AD572C /* Settings */,
				0453EA312B3CB06500FBF74C /* Navigation */,
				046B0A392B251E67006519A7 /* AlternateIconsModel.swift */,
				04EA111C2B2503C40024CDDD /* BikeRegistration.swift */,
				04EA111A2B2503B40024CDDD /* BikeRegisteredQuery.swift */,
				04EA11182B25039F0024CDDD /* BikeIndexIdentifiable.swift */,
				04EA11112B2502990024CDDD /* Authentication */,
				04F4B94F2B098BB1009442B5 /* BicycleType.swift */,
				04F4B94A2B098BB1009442B5 /* Bike.swift */,
				04F4B94B2B098BB1009442B5 /* FrameColor.swift */,
				04B660062B4309630055A056 /* Manufacturer */,
				04F4B94C2B098BB1009442B5 /* User.swift */,
				0490A5EE2B26972600C4EC1E /* BikeResponse.swift */,
				0490A5F02B269F7800C4EC1E /* AddBikeModel.swift */,
				0430332D2B3E64B900FD126F /* Regions */,
			);
			path = Model;
			sourceTree = "<group>";
		};
		04F4B9362B098B81009442B5 /* View */ = {
			isa = PBXGroup;
			children = (
				046B0A352B251E58006519A7 /* AppIconPicker.swift */,
				046B0A362B251E58006519A7 /* TextLink.swift */,
				04EA111E2B2503F40024CDDD /* ActionButton.swift */,
				04F4B93A2B098BA9009442B5 /* AddBikeView.swift */,
				04B660092B4316970055A056 /* Onboarding */,
				043033342B40C32600FD126F /* MainContent */,
				04F4B93E2B098BAA009442B5 /* ManufacturerEntryView.swift */,
				04F4B93D2B098BA9009442B5 /* SearchBikesView.swift */,
				0452C6B12B4A62FE00AD572C /* Settings */,
				04F4B93C2B098BA9009442B5 /* VerticalPicker.swift */,
				043033272B3E285F00FD126F /* AddStolenRecordView.swift */,
				0430333C2B41402800FD126F /* ProportionalLazyVGrid.swift */,
			);
			path = View;
			sourceTree = "<group>";
		};
		04F4B9372B098B9C009442B5 /* API */ = {
			isa = PBXGroup;
			children = (
				04EA110C2B2502660024CDDD /* API.swift */,
				04EA110D2B2502660024CDDD /* APIEndpoints.swift */,
				04F4B9382B098B9C009442B5 /* Client.swift */,
				04F4B9622B0998F6009442B5 /* ClientConfiguration.swift */,
			);
			path = API;
			sourceTree = "<group>";
		};
		04F4B95F2B0996E3009442B5 /* Utility */ = {
			isa = PBXGroup;
			children = (
				04F4B9602B0996EC009442B5 /* Logger.swift */,
				0430332B2B3E642200FD126F /* Binding+Optional.swift */,
			);
			path = Utility;
			sourceTree = "<group>";
		};
/* End PBXGroup section */

/* Begin PBXNativeTarget section */
		04F4B8F62B098ADB009442B5 /* BikeIndex */ = {
			isa = PBXNativeTarget;
			buildConfigurationList = 04F4B91E2B098ADE009442B5 /* Build configuration list for PBXNativeTarget "BikeIndex" */;
			buildPhases = (
				04F4B8F32B098ADB009442B5 /* Sources */,
				04F4B8F42B098ADB009442B5 /* Frameworks */,
				04F4B8F52B098ADB009442B5 /* Resources */,
			);
			buildRules = (
			);
			dependencies = (
			);
			name = BikeIndex;
			packageProductDependencies = (
				04F4B95D2B0990CE009442B5 /* KeychainSwift */,
				04EA11212B2504340024CDDD /* URLEncodedForm */,
				04B660332B4338A50055A056 /* BetterSafariView */,
			);
			productName = BikeIndex;
			productReference = 04F4B8F72B098ADB009442B5 /* BikeIndex.app */;
			productType = "com.apple.product-type.application";
		};
		04F4B9092B098ADE009442B5 /* BikeIndexTests */ = {
			isa = PBXNativeTarget;
			buildConfigurationList = 04F4B9212B098ADE009442B5 /* Build configuration list for PBXNativeTarget "BikeIndexTests" */;
			buildPhases = (
				04F4B9062B098ADE009442B5 /* Sources */,
				04F4B9072B098ADE009442B5 /* Frameworks */,
				04F4B9082B098ADE009442B5 /* Resources */,
			);
			buildRules = (
			);
			dependencies = (
				04F4B90C2B098ADE009442B5 /* PBXTargetDependency */,
			);
			name = BikeIndexTests;
			productName = BikeIndexTests;
			productReference = 04F4B90A2B098ADE009442B5 /* BikeIndexTests.xctest */;
			productType = "com.apple.product-type.bundle.unit-test";
		};
		04F4B9132B098ADE009442B5 /* BikeIndexUITests */ = {
			isa = PBXNativeTarget;
			buildConfigurationList = 04F4B9242B098ADE009442B5 /* Build configuration list for PBXNativeTarget "BikeIndexUITests" */;
			buildPhases = (
				04F4B9102B098ADE009442B5 /* Sources */,
				04F4B9112B098ADE009442B5 /* Frameworks */,
				04F4B9122B098ADE009442B5 /* Resources */,
			);
			buildRules = (
			);
			dependencies = (
				04F4B9162B098ADE009442B5 /* PBXTargetDependency */,
			);
			name = BikeIndexUITests;
			productName = BikeIndexUITests;
			productReference = 04F4B9142B098ADE009442B5 /* BikeIndexUITests.xctest */;
			productType = "com.apple.product-type.bundle.ui-testing";
		};
/* End PBXNativeTarget section */

/* Begin PBXProject section */
		04F4B8EF2B098ADB009442B5 /* Project object */ = {
			isa = PBXProject;
			attributes = {
				BuildIndependentTargetsInParallel = 1;
				LastSwiftUpdateCheck = 1500;
				LastUpgradeCheck = 1500;
				TargetAttributes = {
					04F4B8F62B098ADB009442B5 = {
						CreatedOnToolsVersion = 15.0.1;
					};
					04F4B9092B098ADE009442B5 = {
						CreatedOnToolsVersion = 15.0.1;
						TestTargetID = 04F4B8F62B098ADB009442B5;
					};
					04F4B9132B098ADE009442B5 = {
						CreatedOnToolsVersion = 15.0.1;
						TestTargetID = 04F4B8F62B098ADB009442B5;
					};
				};
			};
			buildConfigurationList = 04F4B8F22B098ADB009442B5 /* Build configuration list for PBXProject "BikeIndex" */;
			compatibilityVersion = "Xcode 14.0";
			developmentRegion = en;
			hasScannedForEncodings = 0;
			knownRegions = (
				en,
				Base,
			);
			mainGroup = 04F4B8EE2B098ADB009442B5;
			packageReferences = (
				04F4B95C2B0990CE009442B5 /* XCRemoteSwiftPackageReference "keychain-swift" */,
				04EA11202B2504340024CDDD /* XCRemoteSwiftPackageReference "URLEncodedForm" */,
				04B660322B4338A50055A056 /* XCRemoteSwiftPackageReference "BetterSafariView" */,
			);
			productRefGroup = 04F4B8F82B098ADB009442B5 /* Products */;
			projectDirPath = "";
			projectRoot = "";
			targets = (
				04F4B8F62B098ADB009442B5 /* BikeIndex */,
				04F4B9092B098ADE009442B5 /* BikeIndexTests */,
				04F4B9132B098ADE009442B5 /* BikeIndexUITests */,
			);
		};
/* End PBXProject section */

/* Begin PBXResourcesBuildPhase section */
		04F4B8F52B098ADB009442B5 /* Resources */ = {
			isa = PBXResourcesBuildPhase;
			buildActionMask = 2147483647;
			files = (
				04F4B9052B098ADE009442B5 /* Preview Assets.xcassets in Resources */,
				04F4B9012B098ADE009442B5 /* Assets.xcassets in Resources */,
				04F4B92B2B098B44009442B5 /* BikeIndex-template.xcconfig in Resources */,
				04F4B92A2B098B44009442B5 /* BikeIndex-production.xcconfig in Resources */,
				04F4B92C2B098B44009442B5 /* BikeIndex-development.xcconfig in Resources */,
			);
			runOnlyForDeploymentPostprocessing = 0;
		};
		04F4B9082B098ADE009442B5 /* Resources */ = {
			isa = PBXResourcesBuildPhase;
			buildActionMask = 2147483647;
			files = (
				04F4B9322B098B5A009442B5 /* README.md in Resources */,
			);
			runOnlyForDeploymentPostprocessing = 0;
		};
		04F4B9122B098ADE009442B5 /* Resources */ = {
			isa = PBXResourcesBuildPhase;
			buildActionMask = 2147483647;
			files = (
			);
			runOnlyForDeploymentPostprocessing = 0;
		};
/* End PBXResourcesBuildPhase section */

/* Begin PBXSourcesBuildPhase section */
		04F4B8F32B098ADB009442B5 /* Sources */ = {
			isa = PBXSourcesBuildPhase;
			buildActionMask = 2147483647;
			files = (
				04F4B9542B098BB1009442B5 /* Manufacturer.swift in Sources */,
				04F4B9492B098BAA009442B5 /* ContentView.swift in Sources */,
				0430333D2B41402800FD126F /* ProportionalLazyVGrid.swift in Sources */,
				04F4B9432B098BAA009442B5 /* AuthView.swift in Sources */,
				04EA111B2B2503B40024CDDD /* BikeRegisteredQuery.swift in Sources */,
				04F4B9442B098BAA009442B5 /* VerticalPicker.swift in Sources */,
				0430332C2B3E642200FD126F /* Binding+Optional.swift in Sources */,
				04B6600B2B43169E0055A056 /* WelcomeView.swift in Sources */,
				04F4B9422B098BAA009442B5 /* AddBikeView.swift in Sources */,
				0430332F2B3E64C300FD126F /* US_States.swift in Sources */,
				0430332A2B3E5EEB00FD126F /* Countries.swift in Sources */,
				0490A5F12B269F7800C4EC1E /* AddBikeModel.swift in Sources */,
				04F4B9392B098B9C009442B5 /* Client.swift in Sources */,
				043033362B40C34800FD126F /* ContentButtonView.swift in Sources */,
				046B0A372B251E58006519A7 /* AppIconPicker.swift in Sources */,
				04F4B9612B0996EC009442B5 /* Logger.swift in Sources */,
				04EA11192B25039F0024CDDD /* BikeIndexIdentifiable.swift in Sources */,
				046B0A382B251E58006519A7 /* TextLink.swift in Sources */,
				0490A5EF2B26972600C4EC1E /* BikeResponse.swift in Sources */,
				04F4B9522B098BB1009442B5 /* User.swift in Sources */,
				0452C6B02B4A608E00AD572C /* AcknowledgementsView.swift in Sources */,
				0452C6B32B4A630500AD572C /* DebugMenu.swift in Sources */,
				04F4B9512B098BB1009442B5 /* FrameColor.swift in Sources */,
				04F4B9452B098BAA009442B5 /* SearchBikesView.swift in Sources */,
				043033282B3E285F00FD126F /* AddStolenRecordView.swift in Sources */,
				043033382B41367100FD126F /* MainContent.swift in Sources */,
				046B0A3A2B251E67006519A7 /* AlternateIconsModel.swift in Sources */,
				0494FD8C2B4250F70053C54F /* MainToolbar.swift in Sources */,
				04EA110F2B2502660024CDDD /* APIEndpoints.swift in Sources */,
				04EA111D2B2503C40024CDDD /* BikeRegistration.swift in Sources */,
				0452C6B62B4A64D800AD572C /* LicenseEnum.swift in Sources */,
				04F4B9462B098BAA009442B5 /* ManufacturerEntryView.swift in Sources */,
				04F4B9482B098BAA009442B5 /* SettingsView.swift in Sources */,
				04EA11152B2502AF0024CDDD /* OAuthToken.swift in Sources */,
				04F4B9592B098C11009442B5 /* BikeIndexApp.swift in Sources */,
				04F4B9502B098BB1009442B5 /* Bike.swift in Sources */,
				04F4B9632B0998F6009442B5 /* ClientConfiguration.swift in Sources */,
				04B660082B4309780055A056 /* AutocompleteManufacturerResponse.swift in Sources */,
				04EA110E2B2502660024CDDD /* API.swift in Sources */,
				04F4B9552B098BB1009442B5 /* BicycleType.swift in Sources */,
				04EA11142B2502AF0024CDDD /* AuthenticatedUserResponse.swift in Sources */,
				04EA111F2B2503F40024CDDD /* ActionButton.swift in Sources */,
			);
			runOnlyForDeploymentPostprocessing = 0;
		};
		04F4B9062B098ADE009442B5 /* Sources */ = {
			isa = PBXSourcesBuildPhase;
			buildActionMask = 2147483647;
			files = (
				04EA112C2B25174E0024CDDD /* BikeIndexIdentifiable.swift in Sources */,
				046B0A482B251F61006519A7 /* API.swift in Sources */,
				04F4B92F2B098B4F009442B5 /* OAuthTests.swift in Sources */,
				04F4B9652B09A12A009442B5 /* Bike.swift in Sources */,
				0490A5F22B26B66900C4EC1E /* BikeResponse.swift in Sources */,
				04EA11172B2503920024CDDD /* User.swift in Sources */,
				046B0A442B251E92006519A7 /* MockData.swift in Sources */,
				043033332B3E708800FD126F /* US_States.swift in Sources */,
				043033312B3E6FA100FD126F /* BikeRegistrationTests.swift in Sources */,
				046B0A462B251F30006519A7 /* APIEndpoints.swift in Sources */,
				04F4B9302B098B4F009442B5 /* BikeModelTests.swift in Sources */,
				046B0A452B251F18006519A7 /* Client.swift in Sources */,
				046B0A402B251E92006519A7 /* UserTests.swift in Sources */,
				04EA112B2B25172A0024CDDD /* BicycleType.swift in Sources */,
				043033322B3E707900FD126F /* Countries.swift in Sources */,
				046B0A412B251E92006519A7 /* Logger+Tests.swift in Sources */,
				046B0A432B251E92006519A7 /* BikeIndexOrgApiV3Tests.swift in Sources */,
				043C90B82B25222A00F13559 /* BikeRegistration.swift in Sources */,
				04EA11282B2516CE0024CDDD /* AuthenticatedUserResponse.swift in Sources */,
				04EA112A2B2517260024CDDD /* FrameColor.swift in Sources */,
				046B0A492B251FF5006519A7 /* BikeRegisteredQuery.swift in Sources */,
				04EA11272B2516BA0024CDDD /* OAuthToken.swift in Sources */,
				046B0A472B251F3A006519A7 /* ClientConfiguration.swift in Sources */,
				04EA11292B2517040024CDDD /* Logger.swift in Sources */,
				043C90B92B25223400F13559 /* Manufacturer.swift in Sources */,
				046B0A422B251E92006519A7 /* UserRelationshipTests.swift in Sources */,
			);
			runOnlyForDeploymentPostprocessing = 0;
		};
		04F4B9102B098ADE009442B5 /* Sources */ = {
			isa = PBXSourcesBuildPhase;
			buildActionMask = 2147483647;
			files = (
				04F4B91B2B098ADE009442B5 /* BikeIndexUITestsLaunchTests.swift in Sources */,
				04F4B9192B098ADE009442B5 /* BikeIndexUITests.swift in Sources */,
			);
			runOnlyForDeploymentPostprocessing = 0;
		};
/* End PBXSourcesBuildPhase section */

/* Begin PBXTargetDependency section */
		04F4B90C2B098ADE009442B5 /* PBXTargetDependency */ = {
			isa = PBXTargetDependency;
			target = 04F4B8F62B098ADB009442B5 /* BikeIndex */;
			targetProxy = 04F4B90B2B098ADE009442B5 /* PBXContainerItemProxy */;
		};
		04F4B9162B098ADE009442B5 /* PBXTargetDependency */ = {
			isa = PBXTargetDependency;
			target = 04F4B8F62B098ADB009442B5 /* BikeIndex */;
			targetProxy = 04F4B9152B098ADE009442B5 /* PBXContainerItemProxy */;
		};
/* End PBXTargetDependency section */

/* Begin XCBuildConfiguration section */
		04EA11232B25135D0024CDDD /* Debug BikeIndex.org */ = {
			isa = XCBuildConfiguration;
			buildSettings = {
				ALWAYS_SEARCH_USER_PATHS = NO;
				ASSETCATALOG_COMPILER_GENERATE_SWIFT_ASSET_SYMBOL_EXTENSIONS = YES;
				CLANG_ANALYZER_NONNULL = YES;
				CLANG_ANALYZER_NUMBER_OBJECT_CONVERSION = YES_AGGRESSIVE;
				CLANG_CXX_LANGUAGE_STANDARD = "gnu++20";
				CLANG_ENABLE_MODULES = YES;
				CLANG_ENABLE_OBJC_ARC = YES;
				CLANG_ENABLE_OBJC_WEAK = YES;
				CLANG_WARN_BLOCK_CAPTURE_AUTORELEASING = YES;
				CLANG_WARN_BOOL_CONVERSION = YES;
				CLANG_WARN_COMMA = YES;
				CLANG_WARN_CONSTANT_CONVERSION = YES;
				CLANG_WARN_DEPRECATED_OBJC_IMPLEMENTATIONS = YES;
				CLANG_WARN_DIRECT_OBJC_ISA_USAGE = YES_ERROR;
				CLANG_WARN_DOCUMENTATION_COMMENTS = YES;
				CLANG_WARN_EMPTY_BODY = YES;
				CLANG_WARN_ENUM_CONVERSION = YES;
				CLANG_WARN_INFINITE_RECURSION = YES;
				CLANG_WARN_INT_CONVERSION = YES;
				CLANG_WARN_NON_LITERAL_NULL_CONVERSION = YES;
				CLANG_WARN_OBJC_IMPLICIT_RETAIN_SELF = YES;
				CLANG_WARN_OBJC_LITERAL_CONVERSION = YES;
				CLANG_WARN_OBJC_ROOT_CLASS = YES_ERROR;
				CLANG_WARN_QUOTED_INCLUDE_IN_FRAMEWORK_HEADER = YES;
				CLANG_WARN_RANGE_LOOP_ANALYSIS = YES;
				CLANG_WARN_STRICT_PROTOTYPES = YES;
				CLANG_WARN_SUSPICIOUS_MOVE = YES;
				CLANG_WARN_UNGUARDED_AVAILABILITY = YES_AGGRESSIVE;
				CLANG_WARN_UNREACHABLE_CODE = YES;
				CLANG_WARN__DUPLICATE_METHOD_MATCH = YES;
				COPY_PHASE_STRIP = NO;
				DEBUG_INFORMATION_FORMAT = dwarf;
				ENABLE_STRICT_OBJC_MSGSEND = YES;
				ENABLE_TESTABILITY = YES;
				ENABLE_USER_SCRIPT_SANDBOXING = YES;
				GCC_C_LANGUAGE_STANDARD = gnu17;
				GCC_DYNAMIC_NO_PIC = NO;
				GCC_NO_COMMON_BLOCKS = YES;
				GCC_OPTIMIZATION_LEVEL = 0;
				GCC_PREPROCESSOR_DEFINITIONS = (
					"DEBUG=1",
					"$(inherited)",
				);
				GCC_WARN_64_TO_32_BIT_CONVERSION = YES;
				GCC_WARN_ABOUT_RETURN_TYPE = YES_ERROR;
				GCC_WARN_UNDECLARED_SELECTOR = YES;
				GCC_WARN_UNINITIALIZED_AUTOS = YES_AGGRESSIVE;
				GCC_WARN_UNUSED_FUNCTION = YES;
				GCC_WARN_UNUSED_VARIABLE = YES;
				IPHONEOS_DEPLOYMENT_TARGET = 17.0;
				LOCALIZATION_PREFERS_STRING_CATALOGS = YES;
				MTL_ENABLE_DEBUG_INFO = INCLUDE_SOURCE;
				MTL_FAST_MATH = YES;
				ONLY_ACTIVE_ARCH = YES;
				SWIFT_ACTIVE_COMPILATION_CONDITIONS = "DEBUG $(inherited)";
				SWIFT_OPTIMIZATION_LEVEL = "-Onone";
			};
			name = "Debug BikeIndex.org";
		};
		04EA11242B25135D0024CDDD /* Debug BikeIndex.org */ = {
			isa = XCBuildConfiguration;
			baseConfigurationReference = 04F4B9272B098B44009442B5 /* BikeIndex-production.xcconfig */;
			buildSettings = {
				ASSETCATALOG_COMPILER_ALTERNATE_APPICON_NAMES = "Doodle AppIcon-wob AppIcon-striped AppIcon-bow";
				ASSETCATALOG_COMPILER_APPICON_NAME = AppIcon;
				ASSETCATALOG_COMPILER_GLOBAL_ACCENT_COLOR_NAME = AccentColor;
				CODE_SIGN_ENTITLEMENTS = BikeIndex/BikeIndex.entitlements;
				CODE_SIGN_STYLE = Automatic;
				CURRENT_PROJECT_VERSION = 1;
				DEVELOPMENT_ASSET_PATHS = "\"BikeIndex/Preview Content\"";
				ENABLE_PREVIEWS = YES;
				GENERATE_INFOPLIST_FILE = YES;
				INFOPLIST_FILE = BikeIndex/Info.plist;
				INFOPLIST_KEY_CFBundleDisplayName = "Bike Index";
				"INFOPLIST_KEY_UIApplicationSceneManifest_Generation[sdk=iphoneos*]" = YES;
				"INFOPLIST_KEY_UIApplicationSceneManifest_Generation[sdk=iphonesimulator*]" = YES;
				"INFOPLIST_KEY_UIApplicationSupportsIndirectInputEvents[sdk=iphoneos*]" = YES;
				"INFOPLIST_KEY_UIApplicationSupportsIndirectInputEvents[sdk=iphonesimulator*]" = YES;
				"INFOPLIST_KEY_UILaunchScreen_Generation[sdk=iphoneos*]" = YES;
				"INFOPLIST_KEY_UILaunchScreen_Generation[sdk=iphonesimulator*]" = YES;
				"INFOPLIST_KEY_UIStatusBarStyle[sdk=iphoneos*]" = UIStatusBarStyleDefault;
				"INFOPLIST_KEY_UIStatusBarStyle[sdk=iphonesimulator*]" = UIStatusBarStyleDefault;
				INFOPLIST_KEY_UISupportedInterfaceOrientations_iPad = "UIInterfaceOrientationPortrait UIInterfaceOrientationPortraitUpsideDown UIInterfaceOrientationLandscapeLeft UIInterfaceOrientationLandscapeRight";
				INFOPLIST_KEY_UISupportedInterfaceOrientations_iPhone = "UIInterfaceOrientationPortrait UIInterfaceOrientationLandscapeLeft UIInterfaceOrientationLandscapeRight";
				IPHONEOS_DEPLOYMENT_TARGET = 17.2;
				LD_RUNPATH_SEARCH_PATHS = "@executable_path/Frameworks";
				"LD_RUNPATH_SEARCH_PATHS[sdk=macosx*]" = "@executable_path/../Frameworks";
				MACOSX_DEPLOYMENT_TARGET = 14.0;
				MARKETING_VERSION = 1.0;
				PRODUCT_NAME = "$(TARGET_NAME)";
				SDKROOT = auto;
				SUPPORTED_PLATFORMS = "iphoneos iphonesimulator macosx";
				SWIFT_EMIT_LOC_STRINGS = YES;
				SWIFT_VERSION = 5.0;
				TARGETED_DEVICE_FAMILY = "1,2";
			};
			name = "Debug BikeIndex.org";
		};
		04EA11252B25135D0024CDDD /* Debug BikeIndex.org */ = {
			isa = XCBuildConfiguration;
			buildSettings = {
				ALWAYS_EMBED_SWIFT_STANDARD_LIBRARIES = YES;
				BUNDLE_LOADER = "$(TEST_HOST)";
				CODE_SIGN_STYLE = Automatic;
				CURRENT_PROJECT_VERSION = 1;
				GENERATE_INFOPLIST_FILE = YES;
				IPHONEOS_DEPLOYMENT_TARGET = 17.2;
				MACOSX_DEPLOYMENT_TARGET = 14.0;
				MARKETING_VERSION = 1.0;
				PRODUCT_BUNDLE_IDENTIFIER = org.bikeindex.BikeIndexTests;
				PRODUCT_NAME = "$(TARGET_NAME)";
				SDKROOT = auto;
				SUPPORTED_PLATFORMS = "iphoneos iphonesimulator macosx";
				SWIFT_EMIT_LOC_STRINGS = NO;
				SWIFT_VERSION = 5.0;
				TARGETED_DEVICE_FAMILY = "1,2";
				TEST_HOST = "$(BUILT_PRODUCTS_DIR)/BikeIndex.app/$(BUNDLE_EXECUTABLE_FOLDER_PATH)/BikeIndex";
			};
			name = "Debug BikeIndex.org";
		};
		04EA11262B25135D0024CDDD /* Debug BikeIndex.org */ = {
			isa = XCBuildConfiguration;
			buildSettings = {
				ALWAYS_EMBED_SWIFT_STANDARD_LIBRARIES = YES;
				CODE_SIGN_STYLE = Automatic;
				CURRENT_PROJECT_VERSION = 1;
				GENERATE_INFOPLIST_FILE = YES;
				IPHONEOS_DEPLOYMENT_TARGET = 17.2;
				MACOSX_DEPLOYMENT_TARGET = 14.0;
				MARKETING_VERSION = 1.0;
				PRODUCT_BUNDLE_IDENTIFIER = org.bikeindex.BikeIndexUITests;
				PRODUCT_NAME = "$(TARGET_NAME)";
				SDKROOT = auto;
				SUPPORTED_PLATFORMS = "iphoneos iphonesimulator macosx";
				SWIFT_EMIT_LOC_STRINGS = NO;
				SWIFT_VERSION = 5.0;
				TARGETED_DEVICE_FAMILY = "1,2";
				TEST_TARGET_NAME = BikeIndex;
			};
			name = "Debug BikeIndex.org";
		};
		04F4B91C2B098ADE009442B5 /* Debug (development) */ = {
			isa = XCBuildConfiguration;
			buildSettings = {
				ALWAYS_SEARCH_USER_PATHS = NO;
				ASSETCATALOG_COMPILER_GENERATE_SWIFT_ASSET_SYMBOL_EXTENSIONS = YES;
				CLANG_ANALYZER_NONNULL = YES;
				CLANG_ANALYZER_NUMBER_OBJECT_CONVERSION = YES_AGGRESSIVE;
				CLANG_CXX_LANGUAGE_STANDARD = "gnu++20";
				CLANG_ENABLE_MODULES = YES;
				CLANG_ENABLE_OBJC_ARC = YES;
				CLANG_ENABLE_OBJC_WEAK = YES;
				CLANG_WARN_BLOCK_CAPTURE_AUTORELEASING = YES;
				CLANG_WARN_BOOL_CONVERSION = YES;
				CLANG_WARN_COMMA = YES;
				CLANG_WARN_CONSTANT_CONVERSION = YES;
				CLANG_WARN_DEPRECATED_OBJC_IMPLEMENTATIONS = YES;
				CLANG_WARN_DIRECT_OBJC_ISA_USAGE = YES_ERROR;
				CLANG_WARN_DOCUMENTATION_COMMENTS = YES;
				CLANG_WARN_EMPTY_BODY = YES;
				CLANG_WARN_ENUM_CONVERSION = YES;
				CLANG_WARN_INFINITE_RECURSION = YES;
				CLANG_WARN_INT_CONVERSION = YES;
				CLANG_WARN_NON_LITERAL_NULL_CONVERSION = YES;
				CLANG_WARN_OBJC_IMPLICIT_RETAIN_SELF = YES;
				CLANG_WARN_OBJC_LITERAL_CONVERSION = YES;
				CLANG_WARN_OBJC_ROOT_CLASS = YES_ERROR;
				CLANG_WARN_QUOTED_INCLUDE_IN_FRAMEWORK_HEADER = YES;
				CLANG_WARN_RANGE_LOOP_ANALYSIS = YES;
				CLANG_WARN_STRICT_PROTOTYPES = YES;
				CLANG_WARN_SUSPICIOUS_MOVE = YES;
				CLANG_WARN_UNGUARDED_AVAILABILITY = YES_AGGRESSIVE;
				CLANG_WARN_UNREACHABLE_CODE = YES;
				CLANG_WARN__DUPLICATE_METHOD_MATCH = YES;
				COPY_PHASE_STRIP = NO;
				DEBUG_INFORMATION_FORMAT = dwarf;
				ENABLE_STRICT_OBJC_MSGSEND = YES;
				ENABLE_TESTABILITY = YES;
				ENABLE_USER_SCRIPT_SANDBOXING = YES;
				GCC_C_LANGUAGE_STANDARD = gnu17;
				GCC_DYNAMIC_NO_PIC = NO;
				GCC_NO_COMMON_BLOCKS = YES;
				GCC_OPTIMIZATION_LEVEL = 0;
				GCC_PREPROCESSOR_DEFINITIONS = (
					"DEBUG=1",
					"$(inherited)",
				);
				GCC_WARN_64_TO_32_BIT_CONVERSION = YES;
				GCC_WARN_ABOUT_RETURN_TYPE = YES_ERROR;
				GCC_WARN_UNDECLARED_SELECTOR = YES;
				GCC_WARN_UNINITIALIZED_AUTOS = YES_AGGRESSIVE;
				GCC_WARN_UNUSED_FUNCTION = YES;
				GCC_WARN_UNUSED_VARIABLE = YES;
				IPHONEOS_DEPLOYMENT_TARGET = 17.0;
				LOCALIZATION_PREFERS_STRING_CATALOGS = YES;
				MTL_ENABLE_DEBUG_INFO = INCLUDE_SOURCE;
				MTL_FAST_MATH = YES;
				ONLY_ACTIVE_ARCH = YES;
				SWIFT_ACTIVE_COMPILATION_CONDITIONS = "DEBUG $(inherited)";
				SWIFT_OPTIMIZATION_LEVEL = "-Onone";
			};
			name = "Debug (development)";
		};
		04F4B91D2B098ADE009442B5 /* Release */ = {
			isa = XCBuildConfiguration;
			baseConfigurationReference = 04F4B9272B098B44009442B5 /* BikeIndex-production.xcconfig */;
			buildSettings = {
				ALWAYS_SEARCH_USER_PATHS = NO;
				ASSETCATALOG_COMPILER_GENERATE_SWIFT_ASSET_SYMBOL_EXTENSIONS = YES;
				CLANG_ANALYZER_NONNULL = YES;
				CLANG_ANALYZER_NUMBER_OBJECT_CONVERSION = YES_AGGRESSIVE;
				CLANG_CXX_LANGUAGE_STANDARD = "gnu++20";
				CLANG_ENABLE_MODULES = YES;
				CLANG_ENABLE_OBJC_ARC = YES;
				CLANG_ENABLE_OBJC_WEAK = YES;
				CLANG_WARN_BLOCK_CAPTURE_AUTORELEASING = YES;
				CLANG_WARN_BOOL_CONVERSION = YES;
				CLANG_WARN_COMMA = YES;
				CLANG_WARN_CONSTANT_CONVERSION = YES;
				CLANG_WARN_DEPRECATED_OBJC_IMPLEMENTATIONS = YES;
				CLANG_WARN_DIRECT_OBJC_ISA_USAGE = YES_ERROR;
				CLANG_WARN_DOCUMENTATION_COMMENTS = YES;
				CLANG_WARN_EMPTY_BODY = YES;
				CLANG_WARN_ENUM_CONVERSION = YES;
				CLANG_WARN_INFINITE_RECURSION = YES;
				CLANG_WARN_INT_CONVERSION = YES;
				CLANG_WARN_NON_LITERAL_NULL_CONVERSION = YES;
				CLANG_WARN_OBJC_IMPLICIT_RETAIN_SELF = YES;
				CLANG_WARN_OBJC_LITERAL_CONVERSION = YES;
				CLANG_WARN_OBJC_ROOT_CLASS = YES_ERROR;
				CLANG_WARN_QUOTED_INCLUDE_IN_FRAMEWORK_HEADER = YES;
				CLANG_WARN_RANGE_LOOP_ANALYSIS = YES;
				CLANG_WARN_STRICT_PROTOTYPES = YES;
				CLANG_WARN_SUSPICIOUS_MOVE = YES;
				CLANG_WARN_UNGUARDED_AVAILABILITY = YES_AGGRESSIVE;
				CLANG_WARN_UNREACHABLE_CODE = YES;
				CLANG_WARN__DUPLICATE_METHOD_MATCH = YES;
				COPY_PHASE_STRIP = NO;
				DEBUG_INFORMATION_FORMAT = "dwarf-with-dsym";
				ENABLE_NS_ASSERTIONS = NO;
				ENABLE_STRICT_OBJC_MSGSEND = YES;
				ENABLE_USER_SCRIPT_SANDBOXING = YES;
				GCC_C_LANGUAGE_STANDARD = gnu17;
				GCC_NO_COMMON_BLOCKS = YES;
				GCC_WARN_64_TO_32_BIT_CONVERSION = YES;
				GCC_WARN_ABOUT_RETURN_TYPE = YES_ERROR;
				GCC_WARN_UNDECLARED_SELECTOR = YES;
				GCC_WARN_UNINITIALIZED_AUTOS = YES_AGGRESSIVE;
				GCC_WARN_UNUSED_FUNCTION = YES;
				GCC_WARN_UNUSED_VARIABLE = YES;
				IPHONEOS_DEPLOYMENT_TARGET = 17.0;
				LOCALIZATION_PREFERS_STRING_CATALOGS = YES;
				MTL_ENABLE_DEBUG_INFO = NO;
				MTL_FAST_MATH = YES;
				SWIFT_COMPILATION_MODE = wholemodule;
			};
			name = Release;
		};
		04F4B91F2B098ADE009442B5 /* Debug (development) */ = {
			isa = XCBuildConfiguration;
			baseConfigurationReference = 04F4B9292B098B44009442B5 /* BikeIndex-development.xcconfig */;
			buildSettings = {
				ASSETCATALOG_COMPILER_ALTERNATE_APPICON_NAMES = "Doodle AppIcon-wob AppIcon-striped AppIcon-bow";
				ASSETCATALOG_COMPILER_APPICON_NAME = AppIcon;
				ASSETCATALOG_COMPILER_GLOBAL_ACCENT_COLOR_NAME = AccentColor;
				CODE_SIGN_ENTITLEMENTS = BikeIndex/BikeIndex.entitlements;
				CODE_SIGN_STYLE = Automatic;
				CURRENT_PROJECT_VERSION = 1;
				DEVELOPMENT_ASSET_PATHS = "\"BikeIndex/Preview Content\"";
				ENABLE_PREVIEWS = YES;
				GENERATE_INFOPLIST_FILE = YES;
				INFOPLIST_FILE = BikeIndex/Info.plist;
				INFOPLIST_KEY_CFBundleDisplayName = "Bike Index";
				"INFOPLIST_KEY_UIApplicationSceneManifest_Generation[sdk=iphoneos*]" = YES;
				"INFOPLIST_KEY_UIApplicationSceneManifest_Generation[sdk=iphonesimulator*]" = YES;
				"INFOPLIST_KEY_UIApplicationSupportsIndirectInputEvents[sdk=iphoneos*]" = YES;
				"INFOPLIST_KEY_UIApplicationSupportsIndirectInputEvents[sdk=iphonesimulator*]" = YES;
				"INFOPLIST_KEY_UILaunchScreen_Generation[sdk=iphoneos*]" = YES;
				"INFOPLIST_KEY_UILaunchScreen_Generation[sdk=iphonesimulator*]" = YES;
				"INFOPLIST_KEY_UIStatusBarStyle[sdk=iphoneos*]" = UIStatusBarStyleDefault;
				"INFOPLIST_KEY_UIStatusBarStyle[sdk=iphonesimulator*]" = UIStatusBarStyleDefault;
				INFOPLIST_KEY_UISupportedInterfaceOrientations_iPad = "UIInterfaceOrientationPortrait UIInterfaceOrientationPortraitUpsideDown UIInterfaceOrientationLandscapeLeft UIInterfaceOrientationLandscapeRight";
				INFOPLIST_KEY_UISupportedInterfaceOrientations_iPhone = "UIInterfaceOrientationPortrait UIInterfaceOrientationLandscapeLeft UIInterfaceOrientationLandscapeRight";
				IPHONEOS_DEPLOYMENT_TARGET = 17.2;
				LD_RUNPATH_SEARCH_PATHS = "@executable_path/Frameworks";
				"LD_RUNPATH_SEARCH_PATHS[sdk=macosx*]" = "@executable_path/../Frameworks";
				MACOSX_DEPLOYMENT_TARGET = 14.0;
				MARKETING_VERSION = 1.0;
				PRODUCT_NAME = "$(TARGET_NAME)";
				SDKROOT = auto;
				SUPPORTED_PLATFORMS = "iphoneos iphonesimulator macosx";
				SWIFT_EMIT_LOC_STRINGS = YES;
				SWIFT_VERSION = 5.0;
				TARGETED_DEVICE_FAMILY = "1,2";
			};
			name = "Debug (development)";
		};
		04F4B9202B098ADE009442B5 /* Release */ = {
			isa = XCBuildConfiguration;
			buildSettings = {
				ASSETCATALOG_COMPILER_ALTERNATE_APPICON_NAMES = "AppIcon-wob AppIcon-striped AppIcon-bow";
				ASSETCATALOG_COMPILER_APPICON_NAME = AppIcon;
				ASSETCATALOG_COMPILER_GLOBAL_ACCENT_COLOR_NAME = AccentColor;
				CODE_SIGN_ENTITLEMENTS = BikeIndex/BikeIndex.entitlements;
				CODE_SIGN_STYLE = Automatic;
				CURRENT_PROJECT_VERSION = 1;
				DEVELOPMENT_ASSET_PATHS = "\"BikeIndex/Preview Content\"";
				ENABLE_PREVIEWS = YES;
				GENERATE_INFOPLIST_FILE = YES;
				INFOPLIST_FILE = BikeIndex/Info.plist;
				INFOPLIST_KEY_CFBundleDisplayName = "Bike Index";
				"INFOPLIST_KEY_UIApplicationSceneManifest_Generation[sdk=iphoneos*]" = YES;
				"INFOPLIST_KEY_UIApplicationSceneManifest_Generation[sdk=iphonesimulator*]" = YES;
				"INFOPLIST_KEY_UIApplicationSupportsIndirectInputEvents[sdk=iphoneos*]" = YES;
				"INFOPLIST_KEY_UIApplicationSupportsIndirectInputEvents[sdk=iphonesimulator*]" = YES;
				"INFOPLIST_KEY_UILaunchScreen_Generation[sdk=iphoneos*]" = YES;
				"INFOPLIST_KEY_UILaunchScreen_Generation[sdk=iphonesimulator*]" = YES;
				"INFOPLIST_KEY_UIStatusBarStyle[sdk=iphoneos*]" = UIStatusBarStyleDefault;
				"INFOPLIST_KEY_UIStatusBarStyle[sdk=iphonesimulator*]" = UIStatusBarStyleDefault;
				INFOPLIST_KEY_UISupportedInterfaceOrientations_iPad = "UIInterfaceOrientationPortrait UIInterfaceOrientationPortraitUpsideDown UIInterfaceOrientationLandscapeLeft UIInterfaceOrientationLandscapeRight";
				INFOPLIST_KEY_UISupportedInterfaceOrientations_iPhone = "UIInterfaceOrientationPortrait UIInterfaceOrientationLandscapeLeft UIInterfaceOrientationLandscapeRight";
				IPHONEOS_DEPLOYMENT_TARGET = 17.2;
				LD_RUNPATH_SEARCH_PATHS = "@executable_path/Frameworks";
				"LD_RUNPATH_SEARCH_PATHS[sdk=macosx*]" = "@executable_path/../Frameworks";
				MACOSX_DEPLOYMENT_TARGET = 14.0;
				MARKETING_VERSION = 1.0;
				PRODUCT_NAME = "$(TARGET_NAME)";
				SDKROOT = auto;
				SUPPORTED_PLATFORMS = "iphoneos iphonesimulator macosx";
				SWIFT_EMIT_LOC_STRINGS = YES;
				SWIFT_VERSION = 5.0;
				TARGETED_DEVICE_FAMILY = "1,2";
			};
			name = Release;
		};
		04F4B9222B098ADE009442B5 /* Debug (development) */ = {
			isa = XCBuildConfiguration;
			buildSettings = {
				ALWAYS_EMBED_SWIFT_STANDARD_LIBRARIES = YES;
				BUNDLE_LOADER = "$(TEST_HOST)";
				CODE_SIGN_STYLE = Automatic;
				CURRENT_PROJECT_VERSION = 1;
				GENERATE_INFOPLIST_FILE = YES;
				IPHONEOS_DEPLOYMENT_TARGET = 17.2;
				MACOSX_DEPLOYMENT_TARGET = 14.0;
				MARKETING_VERSION = 1.0;
				PRODUCT_BUNDLE_IDENTIFIER = org.bikeindex.BikeIndexTests;
				PRODUCT_NAME = "$(TARGET_NAME)";
				SDKROOT = auto;
				SUPPORTED_PLATFORMS = "iphoneos iphonesimulator macosx";
				SWIFT_EMIT_LOC_STRINGS = NO;
				SWIFT_VERSION = 5.0;
				TARGETED_DEVICE_FAMILY = "1,2";
				TEST_HOST = "$(BUILT_PRODUCTS_DIR)/BikeIndex.app/$(BUNDLE_EXECUTABLE_FOLDER_PATH)/BikeIndex";
			};
			name = "Debug (development)";
		};
		04F4B9232B098ADE009442B5 /* Release */ = {
			isa = XCBuildConfiguration;
			buildSettings = {
				ALWAYS_EMBED_SWIFT_STANDARD_LIBRARIES = YES;
				BUNDLE_LOADER = "$(TEST_HOST)";
				CODE_SIGN_STYLE = Automatic;
				CURRENT_PROJECT_VERSION = 1;
				GENERATE_INFOPLIST_FILE = YES;
				IPHONEOS_DEPLOYMENT_TARGET = 17.2;
				MACOSX_DEPLOYMENT_TARGET = 14.0;
				MARKETING_VERSION = 1.0;
				PRODUCT_BUNDLE_IDENTIFIER = org.bikeindex.BikeIndexTests;
				PRODUCT_NAME = "$(TARGET_NAME)";
				SDKROOT = auto;
				SUPPORTED_PLATFORMS = "iphoneos iphonesimulator macosx";
				SWIFT_EMIT_LOC_STRINGS = NO;
				SWIFT_VERSION = 5.0;
				TARGETED_DEVICE_FAMILY = "1,2";
				TEST_HOST = "$(BUILT_PRODUCTS_DIR)/BikeIndex.app/$(BUNDLE_EXECUTABLE_FOLDER_PATH)/BikeIndex";
			};
			name = Release;
		};
		04F4B9252B098ADE009442B5 /* Debug (development) */ = {
			isa = XCBuildConfiguration;
			buildSettings = {
				ALWAYS_EMBED_SWIFT_STANDARD_LIBRARIES = YES;
				CODE_SIGN_STYLE = Automatic;
				CURRENT_PROJECT_VERSION = 1;
				GENERATE_INFOPLIST_FILE = YES;
				IPHONEOS_DEPLOYMENT_TARGET = 17.2;
				MACOSX_DEPLOYMENT_TARGET = 14.0;
				MARKETING_VERSION = 1.0;
				PRODUCT_BUNDLE_IDENTIFIER = org.bikeindex.BikeIndexUITests;
				PRODUCT_NAME = "$(TARGET_NAME)";
				SDKROOT = auto;
				SUPPORTED_PLATFORMS = "iphoneos iphonesimulator macosx";
				SWIFT_EMIT_LOC_STRINGS = NO;
				SWIFT_VERSION = 5.0;
				TARGETED_DEVICE_FAMILY = "1,2";
				TEST_TARGET_NAME = BikeIndex;
			};
			name = "Debug (development)";
		};
		04F4B9262B098ADE009442B5 /* Release */ = {
			isa = XCBuildConfiguration;
			buildSettings = {
				ALWAYS_EMBED_SWIFT_STANDARD_LIBRARIES = YES;
				CODE_SIGN_STYLE = Automatic;
				CURRENT_PROJECT_VERSION = 1;
				GENERATE_INFOPLIST_FILE = YES;
				IPHONEOS_DEPLOYMENT_TARGET = 17.2;
				MACOSX_DEPLOYMENT_TARGET = 14.0;
				MARKETING_VERSION = 1.0;
				PRODUCT_BUNDLE_IDENTIFIER = org.bikeindex.BikeIndexUITests;
				PRODUCT_NAME = "$(TARGET_NAME)";
				SDKROOT = auto;
				SUPPORTED_PLATFORMS = "iphoneos iphonesimulator macosx";
				SWIFT_EMIT_LOC_STRINGS = NO;
				SWIFT_VERSION = 5.0;
				TARGETED_DEVICE_FAMILY = "1,2";
				TEST_TARGET_NAME = BikeIndex;
			};
			name = Release;
		};
/* End XCBuildConfiguration section */

/* Begin XCConfigurationList section */
		04F4B8F22B098ADB009442B5 /* Build configuration list for PBXProject "BikeIndex" */ = {
			isa = XCConfigurationList;
			buildConfigurations = (
				04F4B91C2B098ADE009442B5 /* Debug (development) */,
				04EA11232B25135D0024CDDD /* Debug BikeIndex.org */,
				04F4B91D2B098ADE009442B5 /* Release */,
			);
			defaultConfigurationIsVisible = 0;
			defaultConfigurationName = Release;
		};
		04F4B91E2B098ADE009442B5 /* Build configuration list for PBXNativeTarget "BikeIndex" */ = {
			isa = XCConfigurationList;
			buildConfigurations = (
				04F4B91F2B098ADE009442B5 /* Debug (development) */,
				04EA11242B25135D0024CDDD /* Debug BikeIndex.org */,
				04F4B9202B098ADE009442B5 /* Release */,
			);
			defaultConfigurationIsVisible = 0;
			defaultConfigurationName = Release;
		};
		04F4B9212B098ADE009442B5 /* Build configuration list for PBXNativeTarget "BikeIndexTests" */ = {
			isa = XCConfigurationList;
			buildConfigurations = (
				04F4B9222B098ADE009442B5 /* Debug (development) */,
				04EA11252B25135D0024CDDD /* Debug BikeIndex.org */,
				04F4B9232B098ADE009442B5 /* Release */,
			);
			defaultConfigurationIsVisible = 0;
			defaultConfigurationName = Release;
		};
		04F4B9242B098ADE009442B5 /* Build configuration list for PBXNativeTarget "BikeIndexUITests" */ = {
			isa = XCConfigurationList;
			buildConfigurations = (
				04F4B9252B098ADE009442B5 /* Debug (development) */,
				04EA11262B25135D0024CDDD /* Debug BikeIndex.org */,
				04F4B9262B098ADE009442B5 /* Release */,
			);
			defaultConfigurationIsVisible = 0;
			defaultConfigurationName = Release;
		};
/* End XCConfigurationList section */

/* Begin XCRemoteSwiftPackageReference section */
		04B660322B4338A50055A056 /* XCRemoteSwiftPackageReference "BetterSafariView" */ = {
			isa = XCRemoteSwiftPackageReference;
			repositoryURL = "https://github.com/stleamist/BetterSafariView.git";
			requirement = {
				kind = upToNextMajorVersion;
				minimumVersion = 2.4.2;
			};
		};
		04EA11202B2504340024CDDD /* XCRemoteSwiftPackageReference "URLEncodedForm" */ = {
			isa = XCRemoteSwiftPackageReference;
			repositoryURL = "https://github.com/interactord/URLEncodedForm.git";
			requirement = {
				kind = upToNextMajorVersion;
				minimumVersion = 1.0.8;
			};
		};
		04F4B95C2B0990CE009442B5 /* XCRemoteSwiftPackageReference "keychain-swift" */ = {
			isa = XCRemoteSwiftPackageReference;
			repositoryURL = "https://github.com/evgenyneu/keychain-swift.git";
			requirement = {
				kind = upToNextMajorVersion;
				minimumVersion = 20.0.0;
			};
		};
/* End XCRemoteSwiftPackageReference section */

/* Begin XCSwiftPackageProductDependency section */
		04B660332B4338A50055A056 /* BetterSafariView */ = {
			isa = XCSwiftPackageProductDependency;
			package = 04B660322B4338A50055A056 /* XCRemoteSwiftPackageReference "BetterSafariView" */;
			productName = BetterSafariView;
		};
		04EA11212B2504340024CDDD /* URLEncodedForm */ = {
			isa = XCSwiftPackageProductDependency;
			package = 04EA11202B2504340024CDDD /* XCRemoteSwiftPackageReference "URLEncodedForm" */;
			productName = URLEncodedForm;
		};
		04F4B95D2B0990CE009442B5 /* KeychainSwift */ = {
			isa = XCSwiftPackageProductDependency;
			package = 04F4B95C2B0990CE009442B5 /* XCRemoteSwiftPackageReference "keychain-swift" */;
			productName = KeychainSwift;
		};
/* End XCSwiftPackageProductDependency section */
	};
	rootObject = 04F4B8EF2B098ADB009442B5 /* Project object */;
}
